// !$*UTF8*$!
{
	archiveVersion = 1;
	classes = {
	};
	objectVersion = 46;
	objects = {

/* Begin PBXBuildFile section */
		AB0EA369189472A400E28525 /* JNWCollectionViewLayout+Private.h in Headers */ = {isa = PBXBuildFile; fileRef = AB0EA368189472A400E28525 /* JNWCollectionViewLayout+Private.h */; };
		AB15146F1714C90800871248 /* JNWCollectionViewLayout.h in Headers */ = {isa = PBXBuildFile; fileRef = AB15146D1714C90800871248 /* JNWCollectionViewLayout.h */; settings = {ATTRIBUTES = (Public, ); }; };
		AB1514701714C90800871248 /* JNWCollectionViewLayout.m in Sources */ = {isa = PBXBuildFile; fileRef = AB15146E1714C90800871248 /* JNWCollectionViewLayout.m */; };
		AB1514741714D39600871248 /* JNWCollectionViewListLayout.h in Headers */ = {isa = PBXBuildFile; fileRef = AB1514721714D39600871248 /* JNWCollectionViewListLayout.h */; settings = {ATTRIBUTES = (Public, ); }; };
		AB1514751714D39600871248 /* JNWCollectionViewListLayout.m in Sources */ = {isa = PBXBuildFile; fileRef = AB1514731714D39600871248 /* JNWCollectionViewListLayout.m */; };
		AB1514821715361E00871248 /* JNWCollectionViewGridLayout.h in Headers */ = {isa = PBXBuildFile; fileRef = AB1514801715361D00871248 /* JNWCollectionViewGridLayout.h */; settings = {ATTRIBUTES = (Public, ); }; };
		AB1514831715361E00871248 /* JNWCollectionViewGridLayout.m in Sources */ = {isa = PBXBuildFile; fileRef = AB1514811715361D00871248 /* JNWCollectionViewGridLayout.m */; };
		AB38E38E17DF099A00D50B3C /* JNWClipView.h in Headers */ = {isa = PBXBuildFile; fileRef = AB38E38A17DF099A00D50B3C /* JNWClipView.h */; settings = {ATTRIBUTES = (Public, ); }; };
		AB38E38F17DF099A00D50B3C /* JNWClipView.m in Sources */ = {isa = PBXBuildFile; fileRef = AB38E38B17DF099A00D50B3C /* JNWClipView.m */; };
		AB38E39017DF099A00D50B3C /* JNWScrollView.h in Headers */ = {isa = PBXBuildFile; fileRef = AB38E38C17DF099A00D50B3C /* JNWScrollView.h */; settings = {ATTRIBUTES = (Public, ); }; };
		AB38E39117DF099A00D50B3C /* JNWScrollView.m in Sources */ = {isa = PBXBuildFile; fileRef = AB38E38D17DF099A00D50B3C /* JNWScrollView.m */; };
		AB39819D1731A1B50062B2E0 /* JNWCollectionViewReusableView+Private.h in Headers */ = {isa = PBXBuildFile; fileRef = AB39819C1731A1B50062B2E0 /* JNWCollectionViewReusableView+Private.h */; };
		AB3C71F4170CA8D3004A91DB /* JNWCollectionViewFramework.h in Headers */ = {isa = PBXBuildFile; fileRef = AB3C71E8170CA8D3004A91DB /* JNWCollectionViewFramework.h */; settings = {ATTRIBUTES = (Public, ); }; };
		AB3C71F5170CA8D3004A91DB /* JNWCollectionViewFramework.m in Sources */ = {isa = PBXBuildFile; fileRef = AB3C71E9170CA8D3004A91DB /* JNWCollectionViewFramework.m */; };
		AB3C71F7170CA8D3004A91DB /* JNWCollectionView+Private.h in Headers */ = {isa = PBXBuildFile; fileRef = AB3C71EA170CA8D3004A91DB /* JNWCollectionView+Private.h */; };
		AB3C71F8170CA8D3004A91DB /* JNWCollectionViewCell.h in Headers */ = {isa = PBXBuildFile; fileRef = AB3C71EB170CA8D3004A91DB /* JNWCollectionViewCell.h */; settings = {ATTRIBUTES = (Public, ); }; };
		AB3C71F9170CA8D3004A91DB /* JNWCollectionViewCell.m in Sources */ = {isa = PBXBuildFile; fileRef = AB3C71EC170CA8D3004A91DB /* JNWCollectionViewCell.m */; };
		AB3C71FB170CA8D3004A91DB /* JNWCollectionViewCell+Private.h in Headers */ = {isa = PBXBuildFile; fileRef = AB3C71ED170CA8D3004A91DB /* JNWCollectionViewCell+Private.h */; };
		AB3C71FC170CA8D3004A91DB /* JNWCollectionViewReusableView.h in Headers */ = {isa = PBXBuildFile; fileRef = AB3C71EE170CA8D3004A91DB /* JNWCollectionViewReusableView.h */; settings = {ATTRIBUTES = (Public, ); }; };
		AB3C71FD170CA8D3004A91DB /* JNWCollectionViewReusableView.m in Sources */ = {isa = PBXBuildFile; fileRef = AB3C71EF170CA8D3004A91DB /* JNWCollectionViewReusableView.m */; };
		AB3C7202170CA8D3004A91DB /* NSIndexPath+JNWAdditions.h in Headers */ = {isa = PBXBuildFile; fileRef = AB3C71F2170CA8D3004A91DB /* NSIndexPath+JNWAdditions.h */; settings = {ATTRIBUTES = (Public, ); }; };
		AB3C7203170CA8D3004A91DB /* NSIndexPath+JNWAdditions.m in Sources */ = {isa = PBXBuildFile; fileRef = AB3C71F3170CA8D3004A91DB /* NSIndexPath+JNWAdditions.m */; };
		AB3C7209170CA8EF004A91DB /* JNWCollectionView-Prefix.pch in Headers */ = {isa = PBXBuildFile; fileRef = AB3C7206170CA8EF004A91DB /* JNWCollectionView-Prefix.pch */; };
		ABA276B2171D1C4B005C8E56 /* JNWCollectionViewDocumentView.h in Headers */ = {isa = PBXBuildFile; fileRef = ABA276B0171D1C4B005C8E56 /* JNWCollectionViewDocumentView.h */; };
		ABA276B3171D1C4B005C8E56 /* JNWCollectionViewDocumentView.m in Sources */ = {isa = PBXBuildFile; fileRef = ABA276B1171D1C4B005C8E56 /* JNWCollectionViewDocumentView.m */; };
		ABB023F5170791D300537A92 /* Cocoa.framework in Frameworks */ = {isa = PBXBuildFile; fileRef = ABB023F4170791D300537A92 /* Cocoa.framework */; };
		ABB024681707937F00537A92 /* QuartzCore.framework in Frameworks */ = {isa = PBXBuildFile; fileRef = ABB024671707937F00537A92 /* QuartzCore.framework */; };
		ABC05C691807808E00CAED48 /* JNWCollectionView.h in Headers */ = {isa = PBXBuildFile; fileRef = ABC05C681807808E00CAED48 /* JNWCollectionView.h */; settings = {ATTRIBUTES = (Public, ); }; };
		ABE145351747519700DD3FCA /* JNWCollectionViewData.h in Headers */ = {isa = PBXBuildFile; fileRef = ABE145331747519700DD3FCA /* JNWCollectionViewData.h */; };
		ABE145361747519700DD3FCA /* JNWCollectionViewData.m in Sources */ = {isa = PBXBuildFile; fileRef = ABE145341747519700DD3FCA /* JNWCollectionViewData.m */; };
/* End PBXBuildFile section */

/* Begin PBXFileReference section */
		AB0EA368189472A400E28525 /* JNWCollectionViewLayout+Private.h */ = {isa = PBXFileReference; fileEncoding = 4; lastKnownFileType = sourcecode.c.h; name = "JNWCollectionViewLayout+Private.h"; path = "JNWCollectionView/JNWCollectionViewLayout+Private.h"; sourceTree = SOURCE_ROOT; };
		AB15146D1714C90800871248 /* JNWCollectionViewLayout.h */ = {isa = PBXFileReference; fileEncoding = 4; lastKnownFileType = sourcecode.c.h; name = JNWCollectionViewLayout.h; path = JNWCollectionView/JNWCollectionViewLayout.h; sourceTree = SOURCE_ROOT; };
		AB15146E1714C90800871248 /* JNWCollectionViewLayout.m */ = {isa = PBXFileReference; fileEncoding = 4; lastKnownFileType = sourcecode.c.objc; name = JNWCollectionViewLayout.m; path = JNWCollectionView/JNWCollectionViewLayout.m; sourceTree = SOURCE_ROOT; };
		AB1514721714D39600871248 /* JNWCollectionViewListLayout.h */ = {isa = PBXFileReference; fileEncoding = 4; lastKnownFileType = sourcecode.c.h; name = JNWCollectionViewListLayout.h; path = JNWCollectionView/JNWCollectionViewListLayout.h; sourceTree = SOURCE_ROOT; };
		AB1514731714D39600871248 /* JNWCollectionViewListLayout.m */ = {isa = PBXFileReference; fileEncoding = 4; lastKnownFileType = sourcecode.c.objc; name = JNWCollectionViewListLayout.m; path = JNWCollectionView/JNWCollectionViewListLayout.m; sourceTree = SOURCE_ROOT; };
		AB1514801715361D00871248 /* JNWCollectionViewGridLayout.h */ = {isa = PBXFileReference; fileEncoding = 4; lastKnownFileType = sourcecode.c.h; name = JNWCollectionViewGridLayout.h; path = JNWCollectionView/JNWCollectionViewGridLayout.h; sourceTree = SOURCE_ROOT; };
		AB1514811715361D00871248 /* JNWCollectionViewGridLayout.m */ = {isa = PBXFileReference; fileEncoding = 4; lastKnownFileType = sourcecode.c.objc; name = JNWCollectionViewGridLayout.m; path = JNWCollectionView/JNWCollectionViewGridLayout.m; sourceTree = SOURCE_ROOT; };
		AB38E38A17DF099A00D50B3C /* JNWClipView.h */ = {isa = PBXFileReference; fileEncoding = 4; lastKnownFileType = sourcecode.c.h; name = JNWClipView.h; path = external/JNWScrollView/JNWClipView.h; sourceTree = SOURCE_ROOT; };
		AB38E38B17DF099A00D50B3C /* JNWClipView.m */ = {isa = PBXFileReference; fileEncoding = 4; lastKnownFileType = sourcecode.c.objc; name = JNWClipView.m; path = external/JNWScrollView/JNWClipView.m; sourceTree = SOURCE_ROOT; };
		AB38E38C17DF099A00D50B3C /* JNWScrollView.h */ = {isa = PBXFileReference; fileEncoding = 4; lastKnownFileType = sourcecode.c.h; name = JNWScrollView.h; path = external/JNWScrollView/JNWScrollView.h; sourceTree = SOURCE_ROOT; };
		AB38E38D17DF099A00D50B3C /* JNWScrollView.m */ = {isa = PBXFileReference; fileEncoding = 4; lastKnownFileType = sourcecode.c.objc; name = JNWScrollView.m; path = external/JNWScrollView/JNWScrollView.m; sourceTree = SOURCE_ROOT; };
		AB39819C1731A1B50062B2E0 /* JNWCollectionViewReusableView+Private.h */ = {isa = PBXFileReference; fileEncoding = 4; lastKnownFileType = sourcecode.c.h; name = "JNWCollectionViewReusableView+Private.h"; path = "JNWCollectionView/JNWCollectionViewReusableView+Private.h"; sourceTree = SOURCE_ROOT; };
		AB3C71E8170CA8D3004A91DB /* JNWCollectionViewFramework.h */ = {isa = PBXFileReference; fileEncoding = 4; lastKnownFileType = sourcecode.c.h; name = JNWCollectionViewFramework.h; path = JNWCollectionView/JNWCollectionViewFramework.h; sourceTree = SOURCE_ROOT; };
		AB3C71E9170CA8D3004A91DB /* JNWCollectionViewFramework.m */ = {isa = PBXFileReference; fileEncoding = 4; lastKnownFileType = sourcecode.c.objc; name = JNWCollectionViewFramework.m; path = JNWCollectionView/JNWCollectionViewFramework.m; sourceTree = SOURCE_ROOT; usesTabs = 1; };
		AB3C71EA170CA8D3004A91DB /* JNWCollectionView+Private.h */ = {isa = PBXFileReference; fileEncoding = 4; lastKnownFileType = sourcecode.c.h; name = "JNWCollectionView+Private.h"; path = "JNWCollectionView/JNWCollectionView+Private.h"; sourceTree = SOURCE_ROOT; };
		AB3C71EB170CA8D3004A91DB /* JNWCollectionViewCell.h */ = {isa = PBXFileReference; fileEncoding = 4; lastKnownFileType = sourcecode.c.h; name = JNWCollectionViewCell.h; path = JNWCollectionView/JNWCollectionViewCell.h; sourceTree = SOURCE_ROOT; };
		AB3C71EC170CA8D3004A91DB /* JNWCollectionViewCell.m */ = {isa = PBXFileReference; fileEncoding = 4; lastKnownFileType = sourcecode.c.objc; name = JNWCollectionViewCell.m; path = JNWCollectionView/JNWCollectionViewCell.m; sourceTree = SOURCE_ROOT; };
		AB3C71ED170CA8D3004A91DB /* JNWCollectionViewCell+Private.h */ = {isa = PBXFileReference; fileEncoding = 4; lastKnownFileType = sourcecode.c.h; name = "JNWCollectionViewCell+Private.h"; path = "JNWCollectionView/JNWCollectionViewCell+Private.h"; sourceTree = SOURCE_ROOT; };
		AB3C71EE170CA8D3004A91DB /* JNWCollectionViewReusableView.h */ = {isa = PBXFileReference; fileEncoding = 4; lastKnownFileType = sourcecode.c.h; name = JNWCollectionViewReusableView.h; path = JNWCollectionView/JNWCollectionViewReusableView.h; sourceTree = SOURCE_ROOT; };
		AB3C71EF170CA8D3004A91DB /* JNWCollectionViewReusableView.m */ = {isa = PBXFileReference; fileEncoding = 4; lastKnownFileType = sourcecode.c.objc; name = JNWCollectionViewReusableView.m; path = JNWCollectionView/JNWCollectionViewReusableView.m; sourceTree = SOURCE_ROOT; };
		AB3C71F2170CA8D3004A91DB /* NSIndexPath+JNWAdditions.h */ = {isa = PBXFileReference; fileEncoding = 4; lastKnownFileType = sourcecode.c.h; name = "NSIndexPath+JNWAdditions.h"; path = "JNWCollectionView/NSIndexPath+JNWAdditions.h"; sourceTree = SOURCE_ROOT; };
		AB3C71F3170CA8D3004A91DB /* NSIndexPath+JNWAdditions.m */ = {isa = PBXFileReference; fileEncoding = 4; lastKnownFileType = sourcecode.c.objc; name = "NSIndexPath+JNWAdditions.m"; path = "JNWCollectionView/NSIndexPath+JNWAdditions.m"; sourceTree = SOURCE_ROOT; };
		AB3C7205170CA8EF004A91DB /* JNWCollectionView-Info.plist */ = {isa = PBXFileReference; fileEncoding = 4; lastKnownFileType = text.plist.xml; name = "JNWCollectionView-Info.plist"; path = "JNWCollectionView/JNWCollectionView-Info.plist"; sourceTree = SOURCE_ROOT; };
		AB3C7206170CA8EF004A91DB /* JNWCollectionView-Prefix.pch */ = {isa = PBXFileReference; fileEncoding = 4; lastKnownFileType = sourcecode.c.h; name = "JNWCollectionView-Prefix.pch"; path = "JNWCollectionView/JNWCollectionView-Prefix.pch"; sourceTree = SOURCE_ROOT; };
		AB3C7212170CA981004A91DB /* en */ = {isa = PBXFileReference; lastKnownFileType = text.plist.strings; name = en; path = JNWCollectionViewTests/en.lproj/InfoPlist.strings; sourceTree = SOURCE_ROOT; };
		ABA276B0171D1C4B005C8E56 /* JNWCollectionViewDocumentView.h */ = {isa = PBXFileReference; fileEncoding = 4; lastKnownFileType = sourcecode.c.h; name = JNWCollectionViewDocumentView.h; path = JNWCollectionView/JNWCollectionViewDocumentView.h; sourceTree = SOURCE_ROOT; };
		ABA276B1171D1C4B005C8E56 /* JNWCollectionViewDocumentView.m */ = {isa = PBXFileReference; fileEncoding = 4; lastKnownFileType = sourcecode.c.objc; name = JNWCollectionViewDocumentView.m; path = JNWCollectionView/JNWCollectionViewDocumentView.m; sourceTree = SOURCE_ROOT; };
		ABB023F1170791D300537A92 /* JNWCollectionView.framework */ = {isa = PBXFileReference; explicitFileType = wrapper.framework; includeInIndex = 0; path = JNWCollectionView.framework; sourceTree = BUILT_PRODUCTS_DIR; };
		ABB023F4170791D300537A92 /* Cocoa.framework */ = {isa = PBXFileReference; lastKnownFileType = wrapper.framework; name = Cocoa.framework; path = System/Library/Frameworks/Cocoa.framework; sourceTree = SDKROOT; };
		ABB023F7170791D300537A92 /* AppKit.framework */ = {isa = PBXFileReference; lastKnownFileType = wrapper.framework; name = AppKit.framework; path = System/Library/Frameworks/AppKit.framework; sourceTree = SDKROOT; };
		ABB023F8170791D300537A92 /* CoreData.framework */ = {isa = PBXFileReference; lastKnownFileType = wrapper.framework; name = CoreData.framework; path = System/Library/Frameworks/CoreData.framework; sourceTree = SDKROOT; };
		ABB023F9170791D300537A92 /* Foundation.framework */ = {isa = PBXFileReference; lastKnownFileType = wrapper.framework; name = Foundation.framework; path = System/Library/Frameworks/Foundation.framework; sourceTree = SDKROOT; };
		ABB0240A170791D300537A92 /* SenTestingKit.framework */ = {isa = PBXFileReference; lastKnownFileType = wrapper.framework; name = SenTestingKit.framework; path = Library/Frameworks/SenTestingKit.framework; sourceTree = DEVELOPER_DIR; };
		ABB024671707937F00537A92 /* QuartzCore.framework */ = {isa = PBXFileReference; lastKnownFileType = wrapper.framework; name = QuartzCore.framework; path = System/Library/Frameworks/QuartzCore.framework; sourceTree = SDKROOT; };
		ABC05C681807808E00CAED48 /* JNWCollectionView.h */ = {isa = PBXFileReference; fileEncoding = 4; lastKnownFileType = sourcecode.c.h; name = JNWCollectionView.h; path = JNWCollectionView/JNWCollectionView.h; sourceTree = SOURCE_ROOT; };
		ABE145331747519700DD3FCA /* JNWCollectionViewData.h */ = {isa = PBXFileReference; fileEncoding = 4; lastKnownFileType = sourcecode.c.h; name = JNWCollectionViewData.h; path = JNWCollectionView/JNWCollectionViewData.h; sourceTree = SOURCE_ROOT; };
		ABE145341747519700DD3FCA /* JNWCollectionViewData.m */ = {isa = PBXFileReference; fileEncoding = 4; lastKnownFileType = sourcecode.c.objc; name = JNWCollectionViewData.m; path = JNWCollectionView/JNWCollectionViewData.m; sourceTree = SOURCE_ROOT; };
/* End PBXFileReference section */

/* Begin PBXFrameworksBuildPhase section */
		ABB023ED170791D300537A92 /* Frameworks */ = {
			isa = PBXFrameworksBuildPhase;
			buildActionMask = 2147483647;
			files = (
				ABB024681707937F00537A92 /* QuartzCore.framework in Frameworks */,
				ABB023F5170791D300537A92 /* Cocoa.framework in Frameworks */,
			);
			runOnlyForDeploymentPostprocessing = 0;
		};
/* End PBXFrameworksBuildPhase section */

/* Begin PBXGroup section */
		AB1514711714D36200871248 /* Layouts */ = {
			isa = PBXGroup;
			children = (
				AB15146D1714C90800871248 /* JNWCollectionViewLayout.h */,
				AB15146E1714C90800871248 /* JNWCollectionViewLayout.m */,
				AB1514721714D39600871248 /* JNWCollectionViewListLayout.h */,
				AB1514731714D39600871248 /* JNWCollectionViewListLayout.m */,
				AB1514801715361D00871248 /* JNWCollectionViewGridLayout.h */,
				AB1514811715361D00871248 /* JNWCollectionViewGridLayout.m */,
			);
			name = Layouts;
			sourceTree = "<group>";
		};
		AB38E37917DEFA1E00D50B3C /* Private */ = {
			isa = PBXGroup;
			children = (
				AB3C71EA170CA8D3004A91DB /* JNWCollectionView+Private.h */,
				AB3C71ED170CA8D3004A91DB /* JNWCollectionViewCell+Private.h */,
				AB39819C1731A1B50062B2E0 /* JNWCollectionViewReusableView+Private.h */,
				AB0EA368189472A400E28525 /* JNWCollectionViewLayout+Private.h */,
			);
			name = Private;
			sourceTree = "<group>";
		};
		ABB023E7170791D300537A92 = {
			isa = PBXGroup;
			children = (
				ABB023FA170791D300537A92 /* JNWCollectionView */,
				ABB023F3170791D300537A92 /* Frameworks */,
				ABB023F2170791D300537A92 /* Products */,
			);
			sourceTree = "<group>";
		};
		ABB023F2170791D300537A92 /* Products */ = {
			isa = PBXGroup;
			children = (
				ABB023F1170791D300537A92 /* JNWCollectionView.framework */,
			);
			name = Products;
			sourceTree = "<group>";
		};
		ABB023F3170791D300537A92 /* Frameworks */ = {
			isa = PBXGroup;
			children = (
				ABB024671707937F00537A92 /* QuartzCore.framework */,
				ABB023F4170791D300537A92 /* Cocoa.framework */,
				ABB0240A170791D300537A92 /* SenTestingKit.framework */,
				ABB023F6170791D300537A92 /* Other Frameworks */,
			);
			name = Frameworks;
			sourceTree = "<group>";
		};
		ABB023F6170791D300537A92 /* Other Frameworks */ = {
			isa = PBXGroup;
			children = (
				ABB023F7170791D300537A92 /* AppKit.framework */,
				ABB023F8170791D300537A92 /* CoreData.framework */,
				ABB023F9170791D300537A92 /* Foundation.framework */,
			);
			name = "Other Frameworks";
			sourceTree = "<group>";
		};
		ABB023FA170791D300537A92 /* JNWCollectionView */ = {
			isa = PBXGroup;
			children = (
				AB1514711714D36200871248 /* Layouts */,
				ABC05C681807808E00CAED48 /* JNWCollectionView.h */,
				AB3C71E8170CA8D3004A91DB /* JNWCollectionViewFramework.h */,
				AB3C71E9170CA8D3004A91DB /* JNWCollectionViewFramework.m */,
				ABE145331747519700DD3FCA /* JNWCollectionViewData.h */,
				ABE145341747519700DD3FCA /* JNWCollectionViewData.m */,
				ABA276B0171D1C4B005C8E56 /* JNWCollectionViewDocumentView.h */,
				ABA276B1171D1C4B005C8E56 /* JNWCollectionViewDocumentView.m */,
				AB3C71EB170CA8D3004A91DB /* JNWCollectionViewCell.h */,
				AB3C71EC170CA8D3004A91DB /* JNWCollectionViewCell.m */,
				AB3C71EE170CA8D3004A91DB /* JNWCollectionViewReusableView.h */,
				AB3C71EF170CA8D3004A91DB /* JNWCollectionViewReusableView.m */,
				AB3C71F2170CA8D3004A91DB /* NSIndexPath+JNWAdditions.h */,
				AB3C71F3170CA8D3004A91DB /* NSIndexPath+JNWAdditions.m */,
				AB38E37917DEFA1E00D50B3C /* Private */,
				ABE0A77817C7E22F005F35A8 /* External */,
				ABB023FB170791D300537A92 /* Supporting Files */,
			);
			name = JNWCollectionView;
			path = JNWTableView;
			sourceTree = "<group>";
		};
		ABB023FB170791D300537A92 /* Supporting Files */ = {
			isa = PBXGroup;
			children = (
				AB3C7205170CA8EF004A91DB /* JNWCollectionView-Info.plist */,
				AB3C7206170CA8EF004A91DB /* JNWCollectionView-Prefix.pch */,
				AB3C7211170CA981004A91DB /* InfoPlist.strings */,
			);
			name = "Supporting Files";
			sourceTree = "<group>";
		};
		ABE0A77817C7E22F005F35A8 /* External */ = {
			isa = PBXGroup;
			children = (
				AB38E38A17DF099A00D50B3C /* JNWClipView.h */,
				AB38E38B17DF099A00D50B3C /* JNWClipView.m */,
				AB38E38C17DF099A00D50B3C /* JNWScrollView.h */,
				AB38E38D17DF099A00D50B3C /* JNWScrollView.m */,
			);
			name = External;
			sourceTree = "<group>";
		};
/* End PBXGroup section */

/* Begin PBXHeadersBuildPhase section */
		ABB023EE170791D300537A92 /* Headers */ = {
			isa = PBXHeadersBuildPhase;
			buildActionMask = 2147483647;
			files = (
				AB3C71F4170CA8D3004A91DB /* JNWCollectionViewFramework.h in Headers */,
				AB3C71F8170CA8D3004A91DB /* JNWCollectionViewCell.h in Headers */,
				AB15146F1714C90800871248 /* JNWCollectionViewLayout.h in Headers */,
				AB3C71FC170CA8D3004A91DB /* JNWCollectionViewReusableView.h in Headers */,
				AB1514821715361E00871248 /* JNWCollectionViewGridLayout.h in Headers */,
				AB1514741714D39600871248 /* JNWCollectionViewListLayout.h in Headers */,
				AB3C7202170CA8D3004A91DB /* NSIndexPath+JNWAdditions.h in Headers */,
				AB38E38E17DF099A00D50B3C /* JNWClipView.h in Headers */,
				AB38E39017DF099A00D50B3C /* JNWScrollView.h in Headers */,
				AB0EA369189472A400E28525 /* JNWCollectionViewLayout+Private.h in Headers */,
				ABC05C691807808E00CAED48 /* JNWCollectionView.h in Headers */,
				AB3C71F7170CA8D3004A91DB /* JNWCollectionView+Private.h in Headers */,
				AB3C71FB170CA8D3004A91DB /* JNWCollectionViewCell+Private.h in Headers */,
				AB39819D1731A1B50062B2E0 /* JNWCollectionViewReusableView+Private.h in Headers */,
				AB3C7209170CA8EF004A91DB /* JNWCollectionView-Prefix.pch in Headers */,
				ABA276B2171D1C4B005C8E56 /* JNWCollectionViewDocumentView.h in Headers */,
				ABE145351747519700DD3FCA /* JNWCollectionViewData.h in Headers */,
			);
			runOnlyForDeploymentPostprocessing = 0;
		};
/* End PBXHeadersBuildPhase section */

/* Begin PBXNativeTarget section */
		ABB023F0170791D300537A92 /* JNWCollectionView */ = {
			isa = PBXNativeTarget;
			buildConfigurationList = ABB0241B170791D300537A92 /* Build configuration list for PBXNativeTarget "JNWCollectionView" */;
			buildPhases = (
				ABB023EC170791D300537A92 /* Sources */,
				ABB023ED170791D300537A92 /* Frameworks */,
				ABB023EE170791D300537A92 /* Headers */,
				ABB023EF170791D300537A92 /* Resources */,
			);
			buildRules = (
			);
			dependencies = (
			);
			name = JNWCollectionView;
			productName = JNWTableView;
			productReference = ABB023F1170791D300537A92 /* JNWCollectionView.framework */;
			productType = "com.apple.product-type.framework";
		};
/* End PBXNativeTarget section */

/* Begin PBXProject section */
		ABB023E8170791D300537A92 /* Project object */ = {
			isa = PBXProject;
			attributes = {
				LastTestingUpgradeCheck = 0610;
				LastUpgradeCheck = 0710;
				ORGANIZATIONNAME = AppJon;
			};
			buildConfigurationList = ABB023EB170791D300537A92 /* Build configuration list for PBXProject "JNWCollectionView" */;
			compatibilityVersion = "Xcode 3.2";
			developmentRegion = English;
			hasScannedForEncodings = 0;
			knownRegions = (
				en,
			);
			mainGroup = ABB023E7170791D300537A92;
			productRefGroup = ABB023F2170791D300537A92 /* Products */;
			projectDirPath = "";
			projectRoot = "";
			targets = (
				ABB023F0170791D300537A92 /* JNWCollectionView */,
			);
		};
/* End PBXProject section */

/* Begin PBXResourcesBuildPhase section */
		ABB023EF170791D300537A92 /* Resources */ = {
			isa = PBXResourcesBuildPhase;
			buildActionMask = 2147483647;
			files = (
			);
			runOnlyForDeploymentPostprocessing = 0;
		};
/* End PBXResourcesBuildPhase section */

/* Begin PBXSourcesBuildPhase section */
		ABB023EC170791D300537A92 /* Sources */ = {
			isa = PBXSourcesBuildPhase;
			buildActionMask = 2147483647;
			files = (
				AB3C71F5170CA8D3004A91DB /* JNWCollectionViewFramework.m in Sources */,
				AB3C71F9170CA8D3004A91DB /* JNWCollectionViewCell.m in Sources */,
				AB3C71FD170CA8D3004A91DB /* JNWCollectionViewReusableView.m in Sources */,
				AB3C7203170CA8D3004A91DB /* NSIndexPath+JNWAdditions.m in Sources */,
				AB38E39117DF099A00D50B3C /* JNWScrollView.m in Sources */,
				AB1514701714C90800871248 /* JNWCollectionViewLayout.m in Sources */,
				AB1514751714D39600871248 /* JNWCollectionViewListLayout.m in Sources */,
				AB1514831715361E00871248 /* JNWCollectionViewGridLayout.m in Sources */,
				ABA276B3171D1C4B005C8E56 /* JNWCollectionViewDocumentView.m in Sources */,
				AB38E38F17DF099A00D50B3C /* JNWClipView.m in Sources */,
				ABE145361747519700DD3FCA /* JNWCollectionViewData.m in Sources */,
			);
			runOnlyForDeploymentPostprocessing = 0;
		};
/* End PBXSourcesBuildPhase section */

/* Begin PBXVariantGroup section */
		AB3C7211170CA981004A91DB /* InfoPlist.strings */ = {
			isa = PBXVariantGroup;
			children = (
				AB3C7212170CA981004A91DB /* en */,
			);
			name = InfoPlist.strings;
			path = JNWTableViewTests;
			sourceTree = SOURCE_ROOT;
		};
/* End PBXVariantGroup section */

/* Begin XCBuildConfiguration section */
		ABB02419170791D300537A92 /* Debug */ = {
			isa = XCBuildConfiguration;
			buildSettings = {
				ALWAYS_SEARCH_USER_PATHS = NO;
				CLANG_CXX_LANGUAGE_STANDARD = "gnu++0x";
				CLANG_CXX_LIBRARY = "libc++";
				CLANG_ENABLE_OBJC_ARC = YES;
				CLANG_WARN_CONSTANT_CONVERSION = YES;
				CLANG_WARN_EMPTY_BODY = YES;
				CLANG_WARN_ENUM_CONVERSION = YES;
				CLANG_WARN_INT_CONVERSION = YES;
				CLANG_WARN__DUPLICATE_METHOD_MATCH = YES;
				COPY_PHASE_STRIP = NO;
				ENABLE_TESTABILITY = YES;
				GCC_C_LANGUAGE_STANDARD = gnu99;
				GCC_DYNAMIC_NO_PIC = NO;
				GCC_ENABLE_OBJC_EXCEPTIONS = YES;
				GCC_OPTIMIZATION_LEVEL = 0;
				GCC_PREPROCESSOR_DEFINITIONS = (
					"DEBUG=1",
					"$(inherited)",
				);
				GCC_SYMBOLS_PRIVATE_EXTERN = NO;
				GCC_WARN_64_TO_32_BIT_CONVERSION = YES;
				GCC_WARN_ABOUT_RETURN_TYPE = YES;
				GCC_WARN_UNINITIALIZED_AUTOS = YES;
				GCC_WARN_UNUSED_VARIABLE = YES;
				MACOSX_DEPLOYMENT_TARGET = 10.8;
				ONLY_ACTIVE_ARCH = YES;
				SDKROOT = macosx;
			};
			name = Debug;
		};
		ABB0241A170791D300537A92 /* Release */ = {
			isa = XCBuildConfiguration;
			buildSettings = {
				ALWAYS_SEARCH_USER_PATHS = NO;
				CLANG_CXX_LANGUAGE_STANDARD = "gnu++0x";
				CLANG_CXX_LIBRARY = "libc++";
				CLANG_ENABLE_OBJC_ARC = YES;
				CLANG_WARN_CONSTANT_CONVERSION = YES;
				CLANG_WARN_EMPTY_BODY = YES;
				CLANG_WARN_ENUM_CONVERSION = YES;
				CLANG_WARN_INT_CONVERSION = YES;
				CLANG_WARN__DUPLICATE_METHOD_MATCH = YES;
				COPY_PHASE_STRIP = YES;
				DEBUG_INFORMATION_FORMAT = "dwarf-with-dsym";
				GCC_C_LANGUAGE_STANDARD = gnu99;
				GCC_ENABLE_OBJC_EXCEPTIONS = YES;
				GCC_WARN_64_TO_32_BIT_CONVERSION = YES;
				GCC_WARN_ABOUT_RETURN_TYPE = YES;
				GCC_WARN_UNINITIALIZED_AUTOS = YES;
				GCC_WARN_UNUSED_VARIABLE = YES;
				MACOSX_DEPLOYMENT_TARGET = 10.8;
				SDKROOT = macosx;
			};
			name = Release;
		};
		ABB0241C170791D300537A92 /* Debug */ = {
			isa = XCBuildConfiguration;
			buildSettings = {
				CLANG_ENABLE_OBJC_ARC = YES;
				COMBINE_HIDPI_IMAGES = YES;
				DYLIB_COMPATIBILITY_VERSION = 1;
				DYLIB_CURRENT_VERSION = 1;
				FRAMEWORK_VERSION = A;
				GCC_PRECOMPILE_PREFIX_HEADER = YES;
				GCC_PREFIX_HEADER = "JNWCollectionView/JNWCollectionView-Prefix.pch";
				INFOPLIST_FILE = "JNWCollectionView/JNWCollectionView-Info.plist";
				INSTALL_PATH = "@rpath";
				LD_DYLIB_INSTALL_NAME = "@rpath/$(PRODUCT_NAME).$(WRAPPER_EXTENSION)/$(PRODUCT_NAME)";
				LD_RUNPATH_SEARCH_PATHS = "@loader_path/../Frameworks";
				PRODUCT_BUNDLE_IDENTIFIER = "com.jwilling.${PRODUCT_NAME:rfc1034identifier}";
				PRODUCT_NAME = JNWCollectionView;
				WRAPPER_EXTENSION = framework;
			};
			name = Debug;
		};
		ABB0241D170791D300537A92 /* Release */ = {
			isa = XCBuildConfiguration;
			buildSettings = {
				CLANG_ENABLE_OBJC_ARC = YES;
				COMBINE_HIDPI_IMAGES = YES;
				DYLIB_COMPATIBILITY_VERSION = 1;
				DYLIB_CURRENT_VERSION = 1;
				FRAMEWORK_VERSION = A;
				GCC_PRECOMPILE_PREFIX_HEADER = YES;
				GCC_PREFIX_HEADER = "JNWCollectionView/JNWCollectionView-Prefix.pch";
				INFOPLIST_FILE = "JNWCollectionView/JNWCollectionView-Info.plist";
				INSTALL_PATH = "@rpath";
				LD_DYLIB_INSTALL_NAME = "@rpath/$(PRODUCT_NAME).$(WRAPPER_EXTENSION)/$(PRODUCT_NAME)";
				LD_RUNPATH_SEARCH_PATHS = "@loader_path/../Frameworks";
				PRODUCT_BUNDLE_IDENTIFIER = "com.jwilling.${PRODUCT_NAME:rfc1034identifier}";
				PRODUCT_NAME = JNWCollectionView;
				WRAPPER_EXTENSION = framework;
			};
			name = Release;
		};
/* End XCBuildConfiguration section */

/* Begin XCConfigurationList section */
		ABB023EB170791D300537A92 /* Build configuration list for PBXProject "JNWCollectionView" */ = {
			isa = XCConfigurationList;
			buildConfigurations = (
				ABB02419170791D300537A92 /* Debug */,
				ABB0241A170791D300537A92 /* Release */,
			);
			defaultConfigurationIsVisible = 0;
			defaultConfigurationName = Release;
		};
		ABB0241B170791D300537A92 /* Build configuration list for PBXNativeTarget "JNWCollectionView" */ = {
			isa = XCConfigurationList;
			buildConfigurations = (
				ABB0241C170791D300537A92 /* Debug */,
				ABB0241D170791D300537A92 /* Release */,
			);
			defaultConfigurationIsVisible = 0;
			defaultConfigurationName = Release;
		};
/* End XCConfigurationList section */
	};
	rootObject = ABB023E8170791D300537A92 /* Project object */;
}
