// !$*UTF8*$!
{
	archiveVersion = 1;
	classes = {
	};
	objectVersion = 46;
	objects = {

/* Begin PBXBuildFile section */
		8467C6D7171E587F00A1F343 /* JNWCollectionViewReusableViewSpec.m in Sources */ = {isa = PBXBuildFile; fileRef = 8467C6D6171E587F00A1F343 /* JNWCollectionViewReusableViewSpec.m */; };
		8467C6FA171E58F700A1F343 /* libExpecta.a in Frameworks */ = {isa = PBXBuildFile; fileRef = 8467C6E0171E589200A1F343 /* libExpecta.a */; };
		8467C6FB171E58F700A1F343 /* libSpecta.a in Frameworks */ = {isa = PBXBuildFile; fileRef = 8467C6EF171E589500A1F343 /* libSpecta.a */; };
		AB15146F1714C90800871248 /* JNWCollectionViewLayout.h in Headers */ = {isa = PBXBuildFile; fileRef = AB15146D1714C90800871248 /* JNWCollectionViewLayout.h */; settings = {ATTRIBUTES = (Public, ); }; };
		AB1514701714C90800871248 /* JNWCollectionViewLayout.m in Sources */ = {isa = PBXBuildFile; fileRef = AB15146E1714C90800871248 /* JNWCollectionViewLayout.m */; };
		AB1514741714D39600871248 /* JNWCollectionViewListLayout.h in Headers */ = {isa = PBXBuildFile; fileRef = AB1514721714D39600871248 /* JNWCollectionViewListLayout.h */; settings = {ATTRIBUTES = (Public, ); }; };
		AB1514751714D39600871248 /* JNWCollectionViewListLayout.m in Sources */ = {isa = PBXBuildFile; fileRef = AB1514731714D39600871248 /* JNWCollectionViewListLayout.m */; };
		AB1514821715361E00871248 /* JNWCollectionViewGridLayout.h in Headers */ = {isa = PBXBuildFile; fileRef = AB1514801715361D00871248 /* JNWCollectionViewGridLayout.h */; settings = {ATTRIBUTES = (Public, ); }; };
		AB1514831715361E00871248 /* JNWCollectionViewGridLayout.m in Sources */ = {isa = PBXBuildFile; fileRef = AB1514811715361D00871248 /* JNWCollectionViewGridLayout.m */; };
		AB1514951717443F00871248 /* JNWCollectionViewFlowLayout.h in Headers */ = {isa = PBXBuildFile; fileRef = AB1514931717443F00871248 /* JNWCollectionViewFlowLayout.h */; settings = {ATTRIBUTES = (Public, ); }; };
		AB1514961717443F00871248 /* JNWCollectionViewFlowLayout.m in Sources */ = {isa = PBXBuildFile; fileRef = AB1514941717443F00871248 /* JNWCollectionViewFlowLayout.m */; };
		AB39819D1731A1B50062B2E0 /* JNWCollectionViewReusableView+Private.h in Headers */ = {isa = PBXBuildFile; fileRef = AB39819C1731A1B50062B2E0 /* JNWCollectionViewReusableView+Private.h */; };
		AB3C71F4170CA8D3004A91DB /* JNWCollectionView.h in Headers */ = {isa = PBXBuildFile; fileRef = AB3C71E8170CA8D3004A91DB /* JNWCollectionView.h */; settings = {ATTRIBUTES = (Public, ); }; };
		AB3C71F5170CA8D3004A91DB /* JNWCollectionView.m in Sources */ = {isa = PBXBuildFile; fileRef = AB3C71E9170CA8D3004A91DB /* JNWCollectionView.m */; };
		AB3C71F7170CA8D3004A91DB /* JNWCollectionView+Private.h in Headers */ = {isa = PBXBuildFile; fileRef = AB3C71EA170CA8D3004A91DB /* JNWCollectionView+Private.h */; };
		AB3C71F8170CA8D3004A91DB /* JNWCollectionViewCell.h in Headers */ = {isa = PBXBuildFile; fileRef = AB3C71EB170CA8D3004A91DB /* JNWCollectionViewCell.h */; settings = {ATTRIBUTES = (Public, ); }; };
		AB3C71F9170CA8D3004A91DB /* JNWCollectionViewCell.m in Sources */ = {isa = PBXBuildFile; fileRef = AB3C71EC170CA8D3004A91DB /* JNWCollectionViewCell.m */; };
		AB3C71FB170CA8D3004A91DB /* JNWCollectionViewCell+Private.h in Headers */ = {isa = PBXBuildFile; fileRef = AB3C71ED170CA8D3004A91DB /* JNWCollectionViewCell+Private.h */; };
		AB3C71FC170CA8D3004A91DB /* JNWCollectionViewReusableView.h in Headers */ = {isa = PBXBuildFile; fileRef = AB3C71EE170CA8D3004A91DB /* JNWCollectionViewReusableView.h */; settings = {ATTRIBUTES = (Public, ); }; };
		AB3C71FD170CA8D3004A91DB /* JNWCollectionViewReusableView.m in Sources */ = {isa = PBXBuildFile; fileRef = AB3C71EF170CA8D3004A91DB /* JNWCollectionViewReusableView.m */; };
		AB3C7202170CA8D3004A91DB /* NSIndexPath+JNWAdditions.h in Headers */ = {isa = PBXBuildFile; fileRef = AB3C71F2170CA8D3004A91DB /* NSIndexPath+JNWAdditions.h */; settings = {ATTRIBUTES = (Public, ); }; };
		AB3C7203170CA8D3004A91DB /* NSIndexPath+JNWAdditions.m in Sources */ = {isa = PBXBuildFile; fileRef = AB3C71F3170CA8D3004A91DB /* NSIndexPath+JNWAdditions.m */; };
		AB3C7209170CA8EF004A91DB /* JNWCollectionView-Prefix.pch in Headers */ = {isa = PBXBuildFile; fileRef = AB3C7206170CA8EF004A91DB /* JNWCollectionView-Prefix.pch */; };
		AB3C720C170CA8F3004A91DB /* InfoPlist.strings in Resources */ = {isa = PBXBuildFile; fileRef = AB3C720A170CA8F3004A91DB /* InfoPlist.strings */; };
		AB3C7216170CAADB004A91DB /* QuartzCore.framework in Frameworks */ = {isa = PBXBuildFile; fileRef = ABB024671707937F00537A92 /* QuartzCore.framework */; };
		AB3C7249170CAD13004A91DB /* InfoPlist.strings in Resources */ = {isa = PBXBuildFile; fileRef = AB3C7211170CA981004A91DB /* InfoPlist.strings */; };
		ABA276B2171D1C4B005C8E56 /* JNWCollectionViewDocumentView.h in Headers */ = {isa = PBXBuildFile; fileRef = ABA276B0171D1C4B005C8E56 /* JNWCollectionViewDocumentView.h */; };
		ABA276B3171D1C4B005C8E56 /* JNWCollectionViewDocumentView.m in Sources */ = {isa = PBXBuildFile; fileRef = ABA276B1171D1C4B005C8E56 /* JNWCollectionViewDocumentView.m */; };
		ABB023F5170791D300537A92 /* Cocoa.framework in Frameworks */ = {isa = PBXBuildFile; fileRef = ABB023F4170791D300537A92 /* Cocoa.framework */; };
		ABB0240B170791D300537A92 /* SenTestingKit.framework in Frameworks */ = {isa = PBXBuildFile; fileRef = ABB0240A170791D300537A92 /* SenTestingKit.framework */; };
		ABB0240C170791D300537A92 /* Cocoa.framework in Frameworks */ = {isa = PBXBuildFile; fileRef = ABB023F4170791D300537A92 /* Cocoa.framework */; };
		ABB0240F170791D300537A92 /* JNWCollectionView.framework in Frameworks */ = {isa = PBXBuildFile; fileRef = ABB023F1170791D300537A92 /* JNWCollectionView.framework */; };
		ABB024681707937F00537A92 /* QuartzCore.framework in Frameworks */ = {isa = PBXBuildFile; fileRef = ABB024671707937F00537A92 /* QuartzCore.framework */; };
		ABBEA58B171E7D7A00A6F03D /* JNWCollectionViewSpec.m in Sources */ = {isa = PBXBuildFile; fileRef = ABBEA58A171E7D7A00A6F03D /* JNWCollectionViewSpec.m */; };
		ABDE2699172BD9B100F8924F /* JNWTestImplementation.m in Sources */ = {isa = PBXBuildFile; fileRef = ABDE2698172BD9B100F8924F /* JNWTestImplementation.m */; };
		ABE145351747519700DD3FCA /* JNWCollectionViewData.h in Headers */ = {isa = PBXBuildFile; fileRef = ABE145331747519700DD3FCA /* JNWCollectionViewData.h */; };
		ABE145361747519700DD3FCA /* JNWCollectionViewData.m in Sources */ = {isa = PBXBuildFile; fileRef = ABE145341747519700DD3FCA /* JNWCollectionViewData.m */; };
		ABFF7F3D17D0506600B898FB /* BTRScrollView.framework in Frameworks */ = {isa = PBXBuildFile; fileRef = ABFF7F3A17D0500900B898FB /* BTRScrollView.framework */; };
/* End PBXBuildFile section */

/* Begin PBXContainerItemProxy section */
		8467C6DF171E589200A1F343 /* PBXContainerItemProxy */ = {
			isa = PBXContainerItemProxy;
			containerPortal = 8467C6D8171E589200A1F343 /* Expecta.xcodeproj */;
			proxyType = 2;
			remoteGlobalIDString = E9ACDF0C13B2DD520010F4D7;
			remoteInfo = Expecta;
		};
		8467C6E1171E589200A1F343 /* PBXContainerItemProxy */ = {
			isa = PBXContainerItemProxy;
			containerPortal = 8467C6D8171E589200A1F343 /* Expecta.xcodeproj */;
			proxyType = 2;
			remoteGlobalIDString = E93067CE13B2E6D100EA26FF;
			remoteInfo = "Expecta-iOS";
		};
		8467C6E3171E589200A1F343 /* PBXContainerItemProxy */ = {
			isa = PBXContainerItemProxy;
			containerPortal = 8467C6D8171E589200A1F343 /* Expecta.xcodeproj */;
			proxyType = 2;
			remoteGlobalIDString = E9ACDF1D13B2DD520010F4D7;
			remoteInfo = ExpectaTests;
		};
		8467C6E5171E589200A1F343 /* PBXContainerItemProxy */ = {
			isa = PBXContainerItemProxy;
			containerPortal = 8467C6D8171E589200A1F343 /* Expecta.xcodeproj */;
			proxyType = 2;
			remoteGlobalIDString = E93067DA13B2E6D100EA26FF;
			remoteInfo = "Expecta-iOSTests";
		};
		8467C6EE171E589500A1F343 /* PBXContainerItemProxy */ = {
			isa = PBXContainerItemProxy;
			containerPortal = 8467C6E7171E589500A1F343 /* Specta.xcodeproj */;
			proxyType = 2;
			remoteGlobalIDString = E9D96A2614B6B8AB007D9521;
			remoteInfo = Specta;
		};
		8467C6F0171E589500A1F343 /* PBXContainerItemProxy */ = {
			isa = PBXContainerItemProxy;
			containerPortal = 8467C6E7171E589500A1F343 /* Specta.xcodeproj */;
			proxyType = 2;
			remoteGlobalIDString = E9B777A414BA294B00D8DC76;
			remoteInfo = "Specta-iOS";
		};
		8467C6F2171E589500A1F343 /* PBXContainerItemProxy */ = {
			isa = PBXContainerItemProxy;
			containerPortal = 8467C6E7171E589500A1F343 /* Specta.xcodeproj */;
			proxyType = 2;
			remoteGlobalIDString = E9D96A3A14B6B8AB007D9521;
			remoteInfo = SpectaTests;
		};
		8467C6F4171E589500A1F343 /* PBXContainerItemProxy */ = {
			isa = PBXContainerItemProxy;
			containerPortal = 8467C6E7171E589500A1F343 /* Specta.xcodeproj */;
			proxyType = 2;
			remoteGlobalIDString = E9B777B314BA294C00D8DC76;
			remoteInfo = "Specta-iOSTests";
		};
		8467C6F6171E58F100A1F343 /* PBXContainerItemProxy */ = {
			isa = PBXContainerItemProxy;
			containerPortal = 8467C6E7171E589500A1F343 /* Specta.xcodeproj */;
			proxyType = 1;
			remoteGlobalIDString = E9D96A2514B6B8AB007D9521;
			remoteInfo = Specta;
		};
		8467C6F8171E58F100A1F343 /* PBXContainerItemProxy */ = {
			isa = PBXContainerItemProxy;
			containerPortal = 8467C6D8171E589200A1F343 /* Expecta.xcodeproj */;
			proxyType = 1;
			remoteGlobalIDString = E9ACDF0B13B2DD520010F4D7;
			remoteInfo = Expecta;
		};
		ABB0240D170791D300537A92 /* PBXContainerItemProxy */ = {
			isa = PBXContainerItemProxy;
			containerPortal = ABB023E8170791D300537A92 /* Project object */;
			proxyType = 1;
			remoteGlobalIDString = ABB023F0170791D300537A92;
			remoteInfo = JNWTableView;
		};
		ABFF7F3917D0500900B898FB /* PBXContainerItemProxy */ = {
			isa = PBXContainerItemProxy;
			containerPortal = ABFF7F3517D0500900B898FB /* BTRScrollView.xcodeproj */;
			proxyType = 2;
			remoteGlobalIDString = ABCEDC4817D03BCC0023B30C;
			remoteInfo = BTRScrollView;
		};
		ABFF7F3B17D0505A00B898FB /* PBXContainerItemProxy */ = {
			isa = PBXContainerItemProxy;
			containerPortal = ABFF7F3517D0500900B898FB /* BTRScrollView.xcodeproj */;
			proxyType = 1;
			remoteGlobalIDString = ABCEDC4717D03BCC0023B30C;
			remoteInfo = BTRScrollView;
		};
/* End PBXContainerItemProxy section */

/* Begin PBXFileReference section */
		8467C6D6171E587F00A1F343 /* JNWCollectionViewReusableViewSpec.m */ = {isa = PBXFileReference; fileEncoding = 4; lastKnownFileType = sourcecode.c.objc; name = JNWCollectionViewReusableViewSpec.m; path = JNWCollectionViewTests/JNWCollectionViewReusableViewSpec.m; sourceTree = SOURCE_ROOT; };
		8467C6D8171E589200A1F343 /* Expecta.xcodeproj */ = {isa = PBXFileReference; lastKnownFileType = "wrapper.pb-project"; name = Expecta.xcodeproj; path = external/Expecta/Expecta.xcodeproj; sourceTree = SOURCE_ROOT; };
		8467C6E7171E589500A1F343 /* Specta.xcodeproj */ = {isa = PBXFileReference; lastKnownFileType = "wrapper.pb-project"; name = Specta.xcodeproj; path = external/Specta/Specta.xcodeproj; sourceTree = SOURCE_ROOT; };
		8467C704171E5C9B00A1F343 /* JNWCollectionViewTests-Tests.pch */ = {isa = PBXFileReference; fileEncoding = 4; lastKnownFileType = sourcecode.c.h; name = "JNWCollectionViewTests-Tests.pch"; path = "JNWCollectionViewTests/JNWCollectionViewTests-Tests.pch"; sourceTree = SOURCE_ROOT; };
		AB15146D1714C90800871248 /* JNWCollectionViewLayout.h */ = {isa = PBXFileReference; fileEncoding = 4; lastKnownFileType = sourcecode.c.h; name = JNWCollectionViewLayout.h; path = JNWCollectionView/JNWCollectionViewLayout.h; sourceTree = SOURCE_ROOT; };
		AB15146E1714C90800871248 /* JNWCollectionViewLayout.m */ = {isa = PBXFileReference; fileEncoding = 4; lastKnownFileType = sourcecode.c.objc; name = JNWCollectionViewLayout.m; path = JNWCollectionView/JNWCollectionViewLayout.m; sourceTree = SOURCE_ROOT; };
		AB1514721714D39600871248 /* JNWCollectionViewListLayout.h */ = {isa = PBXFileReference; fileEncoding = 4; lastKnownFileType = sourcecode.c.h; name = JNWCollectionViewListLayout.h; path = JNWCollectionView/JNWCollectionViewListLayout.h; sourceTree = SOURCE_ROOT; };
		AB1514731714D39600871248 /* JNWCollectionViewListLayout.m */ = {isa = PBXFileReference; fileEncoding = 4; lastKnownFileType = sourcecode.c.objc; name = JNWCollectionViewListLayout.m; path = JNWCollectionView/JNWCollectionViewListLayout.m; sourceTree = SOURCE_ROOT; };
		AB1514801715361D00871248 /* JNWCollectionViewGridLayout.h */ = {isa = PBXFileReference; fileEncoding = 4; lastKnownFileType = sourcecode.c.h; name = JNWCollectionViewGridLayout.h; path = JNWCollectionView/JNWCollectionViewGridLayout.h; sourceTree = SOURCE_ROOT; };
		AB1514811715361D00871248 /* JNWCollectionViewGridLayout.m */ = {isa = PBXFileReference; fileEncoding = 4; lastKnownFileType = sourcecode.c.objc; name = JNWCollectionViewGridLayout.m; path = JNWCollectionView/JNWCollectionViewGridLayout.m; sourceTree = SOURCE_ROOT; };
		AB1514931717443F00871248 /* JNWCollectionViewFlowLayout.h */ = {isa = PBXFileReference; fileEncoding = 4; lastKnownFileType = sourcecode.c.h; name = JNWCollectionViewFlowLayout.h; path = JNWCollectionView/JNWCollectionViewFlowLayout.h; sourceTree = SOURCE_ROOT; };
		AB1514941717443F00871248 /* JNWCollectionViewFlowLayout.m */ = {isa = PBXFileReference; fileEncoding = 4; lastKnownFileType = sourcecode.c.objc; name = JNWCollectionViewFlowLayout.m; path = JNWCollectionView/JNWCollectionViewFlowLayout.m; sourceTree = SOURCE_ROOT; };
		AB39819C1731A1B50062B2E0 /* JNWCollectionViewReusableView+Private.h */ = {isa = PBXFileReference; fileEncoding = 4; lastKnownFileType = sourcecode.c.h; name = "JNWCollectionViewReusableView+Private.h"; path = "JNWCollectionView/JNWCollectionViewReusableView+Private.h"; sourceTree = SOURCE_ROOT; };
		AB3C71E8170CA8D3004A91DB /* JNWCollectionView.h */ = {isa = PBXFileReference; fileEncoding = 4; lastKnownFileType = sourcecode.c.h; name = JNWCollectionView.h; path = JNWCollectionView/JNWCollectionView.h; sourceTree = SOURCE_ROOT; };
		AB3C71E9170CA8D3004A91DB /* JNWCollectionView.m */ = {isa = PBXFileReference; fileEncoding = 4; lastKnownFileType = sourcecode.c.objc; name = JNWCollectionView.m; path = JNWCollectionView/JNWCollectionView.m; sourceTree = SOURCE_ROOT; };
		AB3C71EA170CA8D3004A91DB /* JNWCollectionView+Private.h */ = {isa = PBXFileReference; fileEncoding = 4; lastKnownFileType = sourcecode.c.h; name = "JNWCollectionView+Private.h"; path = "JNWCollectionView/JNWCollectionView+Private.h"; sourceTree = SOURCE_ROOT; };
		AB3C71EB170CA8D3004A91DB /* JNWCollectionViewCell.h */ = {isa = PBXFileReference; fileEncoding = 4; lastKnownFileType = sourcecode.c.h; name = JNWCollectionViewCell.h; path = JNWCollectionView/JNWCollectionViewCell.h; sourceTree = SOURCE_ROOT; };
		AB3C71EC170CA8D3004A91DB /* JNWCollectionViewCell.m */ = {isa = PBXFileReference; fileEncoding = 4; lastKnownFileType = sourcecode.c.objc; name = JNWCollectionViewCell.m; path = JNWCollectionView/JNWCollectionViewCell.m; sourceTree = SOURCE_ROOT; };
		AB3C71ED170CA8D3004A91DB /* JNWCollectionViewCell+Private.h */ = {isa = PBXFileReference; fileEncoding = 4; lastKnownFileType = sourcecode.c.h; name = "JNWCollectionViewCell+Private.h"; path = "JNWCollectionView/JNWCollectionViewCell+Private.h"; sourceTree = SOURCE_ROOT; };
		AB3C71EE170CA8D3004A91DB /* JNWCollectionViewReusableView.h */ = {isa = PBXFileReference; fileEncoding = 4; lastKnownFileType = sourcecode.c.h; name = JNWCollectionViewReusableView.h; path = JNWCollectionView/JNWCollectionViewReusableView.h; sourceTree = SOURCE_ROOT; };
		AB3C71EF170CA8D3004A91DB /* JNWCollectionViewReusableView.m */ = {isa = PBXFileReference; fileEncoding = 4; lastKnownFileType = sourcecode.c.objc; name = JNWCollectionViewReusableView.m; path = JNWCollectionView/JNWCollectionViewReusableView.m; sourceTree = SOURCE_ROOT; };
		AB3C71F2170CA8D3004A91DB /* NSIndexPath+JNWAdditions.h */ = {isa = PBXFileReference; fileEncoding = 4; lastKnownFileType = sourcecode.c.h; name = "NSIndexPath+JNWAdditions.h"; path = "JNWCollectionView/NSIndexPath+JNWAdditions.h"; sourceTree = SOURCE_ROOT; };
		AB3C71F3170CA8D3004A91DB /* NSIndexPath+JNWAdditions.m */ = {isa = PBXFileReference; fileEncoding = 4; lastKnownFileType = sourcecode.c.objc; name = "NSIndexPath+JNWAdditions.m"; path = "JNWCollectionView/NSIndexPath+JNWAdditions.m"; sourceTree = SOURCE_ROOT; };
		AB3C7205170CA8EF004A91DB /* JNWCollectionView-Info.plist */ = {isa = PBXFileReference; fileEncoding = 4; lastKnownFileType = text.plist.xml; name = "JNWCollectionView-Info.plist"; path = "JNWCollectionView/JNWCollectionView-Info.plist"; sourceTree = SOURCE_ROOT; };
		AB3C7206170CA8EF004A91DB /* JNWCollectionView-Prefix.pch */ = {isa = PBXFileReference; fileEncoding = 4; lastKnownFileType = sourcecode.c.h; name = "JNWCollectionView-Prefix.pch"; path = "JNWCollectionView/JNWCollectionView-Prefix.pch"; sourceTree = SOURCE_ROOT; };
		AB3C720B170CA8F3004A91DB /* en */ = {isa = PBXFileReference; lastKnownFileType = text.plist.strings; name = en; path = JNWCollectionView/en.lproj/InfoPlist.strings; sourceTree = SOURCE_ROOT; };
		AB3C7212170CA981004A91DB /* en */ = {isa = PBXFileReference; lastKnownFileType = text.plist.strings; name = en; path = JNWCollectionViewTests/en.lproj/InfoPlist.strings; sourceTree = SOURCE_ROOT; };
		AB3C7214170CA990004A91DB /* JNWCollectionViewTests-Info.plist */ = {isa = PBXFileReference; fileEncoding = 4; lastKnownFileType = text.plist.xml; name = "JNWCollectionViewTests-Info.plist"; path = "JNWCollectionViewTests/JNWCollectionViewTests-Info.plist"; sourceTree = SOURCE_ROOT; };
		ABA276B0171D1C4B005C8E56 /* JNWCollectionViewDocumentView.h */ = {isa = PBXFileReference; fileEncoding = 4; lastKnownFileType = sourcecode.c.h; name = JNWCollectionViewDocumentView.h; path = JNWCollectionView/JNWCollectionViewDocumentView.h; sourceTree = SOURCE_ROOT; };
		ABA276B1171D1C4B005C8E56 /* JNWCollectionViewDocumentView.m */ = {isa = PBXFileReference; fileEncoding = 4; lastKnownFileType = sourcecode.c.objc; name = JNWCollectionViewDocumentView.m; path = JNWCollectionView/JNWCollectionViewDocumentView.m; sourceTree = SOURCE_ROOT; };
		ABB023F1170791D300537A92 /* JNWCollectionView.framework */ = {isa = PBXFileReference; explicitFileType = wrapper.framework; includeInIndex = 0; path = JNWCollectionView.framework; sourceTree = BUILT_PRODUCTS_DIR; };
		ABB023F4170791D300537A92 /* Cocoa.framework */ = {isa = PBXFileReference; lastKnownFileType = wrapper.framework; name = Cocoa.framework; path = System/Library/Frameworks/Cocoa.framework; sourceTree = SDKROOT; };
		ABB023F7170791D300537A92 /* AppKit.framework */ = {isa = PBXFileReference; lastKnownFileType = wrapper.framework; name = AppKit.framework; path = System/Library/Frameworks/AppKit.framework; sourceTree = SDKROOT; };
		ABB023F8170791D300537A92 /* CoreData.framework */ = {isa = PBXFileReference; lastKnownFileType = wrapper.framework; name = CoreData.framework; path = System/Library/Frameworks/CoreData.framework; sourceTree = SDKROOT; };
		ABB023F9170791D300537A92 /* Foundation.framework */ = {isa = PBXFileReference; lastKnownFileType = wrapper.framework; name = Foundation.framework; path = System/Library/Frameworks/Foundation.framework; sourceTree = SDKROOT; };
		ABB02409170791D300537A92 /* JNWCollectionViewTests.octest */ = {isa = PBXFileReference; explicitFileType = wrapper.cfbundle; includeInIndex = 0; path = JNWCollectionViewTests.octest; sourceTree = BUILT_PRODUCTS_DIR; };
		ABB0240A170791D300537A92 /* SenTestingKit.framework */ = {isa = PBXFileReference; lastKnownFileType = wrapper.framework; name = SenTestingKit.framework; path = Library/Frameworks/SenTestingKit.framework; sourceTree = DEVELOPER_DIR; };
		ABB024671707937F00537A92 /* QuartzCore.framework */ = {isa = PBXFileReference; lastKnownFileType = wrapper.framework; name = QuartzCore.framework; path = System/Library/Frameworks/QuartzCore.framework; sourceTree = SDKROOT; };
		ABBEA58A171E7D7A00A6F03D /* JNWCollectionViewSpec.m */ = {isa = PBXFileReference; fileEncoding = 4; lastKnownFileType = sourcecode.c.objc; name = JNWCollectionViewSpec.m; path = JNWCollectionViewTests/JNWCollectionViewSpec.m; sourceTree = SOURCE_ROOT; };
		ABDE2697172BD9B100F8924F /* JNWTestImplementation.h */ = {isa = PBXFileReference; fileEncoding = 4; lastKnownFileType = sourcecode.c.h; name = JNWTestImplementation.h; path = JNWCollectionViewTests/JNWTestImplementation.h; sourceTree = SOURCE_ROOT; };
		ABDE2698172BD9B100F8924F /* JNWTestImplementation.m */ = {isa = PBXFileReference; fileEncoding = 4; lastKnownFileType = sourcecode.c.objc; name = JNWTestImplementation.m; path = JNWCollectionViewTests/JNWTestImplementation.m; sourceTree = SOURCE_ROOT; };
		ABE145331747519700DD3FCA /* JNWCollectionViewData.h */ = {isa = PBXFileReference; fileEncoding = 4; lastKnownFileType = sourcecode.c.h; name = JNWCollectionViewData.h; path = JNWCollectionView/JNWCollectionViewData.h; sourceTree = SOURCE_ROOT; };
		ABE145341747519700DD3FCA /* JNWCollectionViewData.m */ = {isa = PBXFileReference; fileEncoding = 4; lastKnownFileType = sourcecode.c.objc; name = JNWCollectionViewData.m; path = JNWCollectionView/JNWCollectionViewData.m; sourceTree = SOURCE_ROOT; };
		ABFF7F3517D0500900B898FB /* BTRScrollView.xcodeproj */ = {isa = PBXFileReference; lastKnownFileType = "wrapper.pb-project"; name = BTRScrollView.xcodeproj; path = external/BTRScrollView/BTRScrollView.xcodeproj; sourceTree = SOURCE_ROOT; };
/* End PBXFileReference section */

/* Begin PBXFrameworksBuildPhase section */
		ABB023ED170791D300537A92 /* Frameworks */ = {
			isa = PBXFrameworksBuildPhase;
			buildActionMask = 2147483647;
			files = (
				ABFF7F3D17D0506600B898FB /* BTRScrollView.framework in Frameworks */,
				ABB024681707937F00537A92 /* QuartzCore.framework in Frameworks */,
				ABB023F5170791D300537A92 /* Cocoa.framework in Frameworks */,
			);
			runOnlyForDeploymentPostprocessing = 0;
		};
		ABB02405170791D300537A92 /* Frameworks */ = {
			isa = PBXFrameworksBuildPhase;
			buildActionMask = 2147483647;
			files = (
				8467C6FA171E58F700A1F343 /* libExpecta.a in Frameworks */,
				8467C6FB171E58F700A1F343 /* libSpecta.a in Frameworks */,
				AB3C7216170CAADB004A91DB /* QuartzCore.framework in Frameworks */,
				ABB0240B170791D300537A92 /* SenTestingKit.framework in Frameworks */,
				ABB0240C170791D300537A92 /* Cocoa.framework in Frameworks */,
				ABB0240F170791D300537A92 /* JNWCollectionView.framework in Frameworks */,
			);
			runOnlyForDeploymentPostprocessing = 0;
		};
/* End PBXFrameworksBuildPhase section */

/* Begin PBXGroup section */
		8467C6D3171E581300A1F343 /* Supporting Files */ = {
			isa = PBXGroup;
			children = (
				AB3C7214170CA990004A91DB /* JNWCollectionViewTests-Info.plist */,
				AB3C720A170CA8F3004A91DB /* InfoPlist.strings */,
				8467C704171E5C9B00A1F343 /* JNWCollectionViewTests-Tests.pch */,
			);
			name = "Supporting Files";
			sourceTree = "<group>";
		};
		8467C6D9171E589200A1F343 /* Products */ = {
			isa = PBXGroup;
			children = (
				8467C6E0171E589200A1F343 /* libExpecta.a */,
				8467C6E2171E589200A1F343 /* libExpecta-iOS.a */,
				8467C6E4171E589200A1F343 /* ExpectaTests.octest */,
				8467C6E6171E589200A1F343 /* Expecta-iOSTests.octest */,
			);
			name = Products;
			sourceTree = "<group>";
		};
		8467C6E8171E589500A1F343 /* Products */ = {
			isa = PBXGroup;
			children = (
				8467C6EF171E589500A1F343 /* libSpecta.a */,
				8467C6F1171E589500A1F343 /* libSpecta-iOS.a */,
				8467C6F3171E589500A1F343 /* SpectaTests.octest */,
				8467C6F5171E589500A1F343 /* Specta-iOSTests.octest */,
			);
			name = Products;
			sourceTree = "<group>";
		};
		AB1514711714D36200871248 /* Layouts */ = {
			isa = PBXGroup;
			children = (
				AB15146D1714C90800871248 /* JNWCollectionViewLayout.h */,
				AB15146E1714C90800871248 /* JNWCollectionViewLayout.m */,
				AB1514721714D39600871248 /* JNWCollectionViewListLayout.h */,
				AB1514731714D39600871248 /* JNWCollectionViewListLayout.m */,
				AB1514801715361D00871248 /* JNWCollectionViewGridLayout.h */,
				AB1514811715361D00871248 /* JNWCollectionViewGridLayout.m */,
				AB1514931717443F00871248 /* JNWCollectionViewFlowLayout.h */,
				AB1514941717443F00871248 /* JNWCollectionViewFlowLayout.m */,
			);
			name = Layouts;
			sourceTree = "<group>";
		};
		AB46B0AF171F900100F727C7 /* external */ = {
			isa = PBXGroup;
			children = (
				8467C6E7171E589500A1F343 /* Specta.xcodeproj */,
				8467C6D8171E589200A1F343 /* Expecta.xcodeproj */,
			);
			name = external;
			sourceTree = "<group>";
		};
		ABB023E7170791D300537A92 = {
			isa = PBXGroup;
			children = (
				ABB023FA170791D300537A92 /* JNWCollectionView */,
				ABB02410170791D300537A92 /* JNWCollectionViewTests */,
				ABB023F3170791D300537A92 /* Frameworks */,
				ABB023F2170791D300537A92 /* Products */,
			);
			sourceTree = "<group>";
		};
		ABB023F2170791D300537A92 /* Products */ = {
			isa = PBXGroup;
			children = (
				ABB023F1170791D300537A92 /* JNWCollectionView.framework */,
				ABB02409170791D300537A92 /* JNWCollectionViewTests.octest */,
			);
			name = Products;
			sourceTree = "<group>";
		};
		ABB023F3170791D300537A92 /* Frameworks */ = {
			isa = PBXGroup;
			children = (
				ABB024671707937F00537A92 /* QuartzCore.framework */,
				ABB023F4170791D300537A92 /* Cocoa.framework */,
				ABB0240A170791D300537A92 /* SenTestingKit.framework */,
				ABB023F6170791D300537A92 /* Other Frameworks */,
			);
			name = Frameworks;
			sourceTree = "<group>";
		};
		ABB023F6170791D300537A92 /* Other Frameworks */ = {
			isa = PBXGroup;
			children = (
				ABB023F7170791D300537A92 /* AppKit.framework */,
				ABB023F8170791D300537A92 /* CoreData.framework */,
				ABB023F9170791D300537A92 /* Foundation.framework */,
			);
			name = "Other Frameworks";
			sourceTree = "<group>";
		};
		ABB023FA170791D300537A92 /* JNWCollectionView */ = {
			isa = PBXGroup;
			children = (
				AB1514711714D36200871248 /* Layouts */,
				AB3C71E8170CA8D3004A91DB /* JNWCollectionView.h */,
				AB3C71E9170CA8D3004A91DB /* JNWCollectionView.m */,
				ABE145331747519700DD3FCA /* JNWCollectionViewData.h */,
				ABE145341747519700DD3FCA /* JNWCollectionViewData.m */,
				ABA276B0171D1C4B005C8E56 /* JNWCollectionViewDocumentView.h */,
				ABA276B1171D1C4B005C8E56 /* JNWCollectionViewDocumentView.m */,
				AB3C71EA170CA8D3004A91DB /* JNWCollectionView+Private.h */,
				AB3C71EB170CA8D3004A91DB /* JNWCollectionViewCell.h */,
				AB3C71EC170CA8D3004A91DB /* JNWCollectionViewCell.m */,
				AB3C71ED170CA8D3004A91DB /* JNWCollectionViewCell+Private.h */,
				AB3C71EE170CA8D3004A91DB /* JNWCollectionViewReusableView.h */,
				AB3C71EF170CA8D3004A91DB /* JNWCollectionViewReusableView.m */,
				AB39819C1731A1B50062B2E0 /* JNWCollectionViewReusableView+Private.h */,
				AB3C71F2170CA8D3004A91DB /* NSIndexPath+JNWAdditions.h */,
				AB3C71F3170CA8D3004A91DB /* NSIndexPath+JNWAdditions.m */,
				ABE0A77817C7E22F005F35A8 /* External */,
				ABB023FB170791D300537A92 /* Supporting Files */,
			);
			name = JNWCollectionView;
			path = JNWTableView;
			sourceTree = "<group>";
		};
		ABB023FB170791D300537A92 /* Supporting Files */ = {
			isa = PBXGroup;
			children = (
				AB3C7205170CA8EF004A91DB /* JNWCollectionView-Info.plist */,
				AB3C7206170CA8EF004A91DB /* JNWCollectionView-Prefix.pch */,
				AB3C7211170CA981004A91DB /* InfoPlist.strings */,
			);
			name = "Supporting Files";
			sourceTree = "<group>";
		};
		ABB02410170791D300537A92 /* JNWCollectionViewTests */ = {
			isa = PBXGroup;
			children = (
				AB46B0AF171F900100F727C7 /* external */,
				8467C6D6171E587F00A1F343 /* JNWCollectionViewReusableViewSpec.m */,
				ABBEA58A171E7D7A00A6F03D /* JNWCollectionViewSpec.m */,
				ABDE2697172BD9B100F8924F /* JNWTestImplementation.h */,
				ABDE2698172BD9B100F8924F /* JNWTestImplementation.m */,
				8467C6D3171E581300A1F343 /* Supporting Files */,
			);
			name = JNWCollectionViewTests;
			path = JNWTableViewTests;
			sourceTree = "<group>";
		};
		ABE0A77817C7E22F005F35A8 /* External */ = {
			isa = PBXGroup;
			children = (
				ABFF7F3517D0500900B898FB /* BTRScrollView.xcodeproj */,
			);
			name = External;
			sourceTree = "<group>";
		};
		ABFF7F3617D0500900B898FB /* Products */ = {
			isa = PBXGroup;
			children = (
				ABFF7F3A17D0500900B898FB /* BTRScrollView.framework */,
			);
			name = Products;
			sourceTree = "<group>";
		};
/* End PBXGroup section */

/* Begin PBXHeadersBuildPhase section */
		ABB023EE170791D300537A92 /* Headers */ = {
			isa = PBXHeadersBuildPhase;
			buildActionMask = 2147483647;
			files = (
				AB3C71F4170CA8D3004A91DB /* JNWCollectionView.h in Headers */,
				AB3C71F8170CA8D3004A91DB /* JNWCollectionViewCell.h in Headers */,
				AB15146F1714C90800871248 /* JNWCollectionViewLayout.h in Headers */,
				AB3C71FC170CA8D3004A91DB /* JNWCollectionViewReusableView.h in Headers */,
				AB1514821715361E00871248 /* JNWCollectionViewGridLayout.h in Headers */,
				AB1514951717443F00871248 /* JNWCollectionViewFlowLayout.h in Headers */,
				AB1514741714D39600871248 /* JNWCollectionViewListLayout.h in Headers */,
				AB3C7202170CA8D3004A91DB /* NSIndexPath+JNWAdditions.h in Headers */,
				AB3C71F7170CA8D3004A91DB /* JNWCollectionView+Private.h in Headers */,
				AB3C71FB170CA8D3004A91DB /* JNWCollectionViewCell+Private.h in Headers */,
				AB39819D1731A1B50062B2E0 /* JNWCollectionViewReusableView+Private.h in Headers */,
				AB3C7209170CA8EF004A91DB /* JNWCollectionView-Prefix.pch in Headers */,
				ABA276B2171D1C4B005C8E56 /* JNWCollectionViewDocumentView.h in Headers */,
				ABE145351747519700DD3FCA /* JNWCollectionViewData.h in Headers */,
			);
			runOnlyForDeploymentPostprocessing = 0;
		};
/* End PBXHeadersBuildPhase section */

/* Begin PBXNativeTarget section */
		ABB023F0170791D300537A92 /* JNWCollectionView */ = {
			isa = PBXNativeTarget;
			buildConfigurationList = ABB0241B170791D300537A92 /* Build configuration list for PBXNativeTarget "JNWCollectionView" */;
			buildPhases = (
				ABB023EC170791D300537A92 /* Sources */,
				ABB023ED170791D300537A92 /* Frameworks */,
				ABB023EE170791D300537A92 /* Headers */,
				ABB023EF170791D300537A92 /* Resources */,
			);
			buildRules = (
			);
			dependencies = (
				ABFF7F3C17D0505A00B898FB /* PBXTargetDependency */,
			);
			name = JNWCollectionView;
			productName = JNWTableView;
			productReference = ABB023F1170791D300537A92 /* JNWCollectionView.framework */;
			productType = "com.apple.product-type.framework";
		};
		ABB02408170791D300537A92 /* JNWCollectionViewTests */ = {
			isa = PBXNativeTarget;
			buildConfigurationList = ABB0241E170791D300537A92 /* Build configuration list for PBXNativeTarget "JNWCollectionViewTests" */;
			buildPhases = (
				ABB02404170791D300537A92 /* Sources */,
				ABB02405170791D300537A92 /* Frameworks */,
				ABB02406170791D300537A92 /* Resources */,
				ABB02407170791D300537A92 /* ShellScript */,
			);
			buildRules = (
			);
			dependencies = (
				8467C6F7171E58F100A1F343 /* PBXTargetDependency */,
				8467C6F9171E58F100A1F343 /* PBXTargetDependency */,
				ABB0240E170791D300537A92 /* PBXTargetDependency */,
			);
			name = JNWCollectionViewTests;
			productName = JNWTableViewTests;
			productReference = ABB02409170791D300537A92 /* JNWCollectionViewTests.octest */;
			productType = "com.apple.product-type.bundle";
		};
/* End PBXNativeTarget section */

/* Begin PBXProject section */
		ABB023E8170791D300537A92 /* Project object */ = {
			isa = PBXProject;
			attributes = {
				LastUpgradeCheck = 0500;
				ORGANIZATIONNAME = AppJon;
			};
			buildConfigurationList = ABB023EB170791D300537A92 /* Build configuration list for PBXProject "JNWCollectionView" */;
			compatibilityVersion = "Xcode 3.2";
			developmentRegion = English;
			hasScannedForEncodings = 0;
			knownRegions = (
				en,
			);
			mainGroup = ABB023E7170791D300537A92;
			productRefGroup = ABB023F2170791D300537A92 /* Products */;
			projectDirPath = "";
			projectReferences = (
				{
					ProductGroup = ABFF7F3617D0500900B898FB /* Products */;
					ProjectRef = ABFF7F3517D0500900B898FB /* BTRScrollView.xcodeproj */;
				},
				{
					ProductGroup = 8467C6D9171E589200A1F343 /* Products */;
					ProjectRef = 8467C6D8171E589200A1F343 /* Expecta.xcodeproj */;
				},
				{
					ProductGroup = 8467C6E8171E589500A1F343 /* Products */;
					ProjectRef = 8467C6E7171E589500A1F343 /* Specta.xcodeproj */;
				},
			);
			projectRoot = "";
			targets = (
				ABB023F0170791D300537A92 /* JNWCollectionView */,
				ABB02408170791D300537A92 /* JNWCollectionViewTests */,
			);
		};
/* End PBXProject section */

/* Begin PBXReferenceProxy section */
		8467C6E0171E589200A1F343 /* libExpecta.a */ = {
			isa = PBXReferenceProxy;
			fileType = archive.ar;
			path = libExpecta.a;
			remoteRef = 8467C6DF171E589200A1F343 /* PBXContainerItemProxy */;
			sourceTree = BUILT_PRODUCTS_DIR;
		};
		8467C6E2171E589200A1F343 /* libExpecta-iOS.a */ = {
			isa = PBXReferenceProxy;
			fileType = archive.ar;
			path = "libExpecta-iOS.a";
			remoteRef = 8467C6E1171E589200A1F343 /* PBXContainerItemProxy */;
			sourceTree = BUILT_PRODUCTS_DIR;
		};
		8467C6E4171E589200A1F343 /* ExpectaTests.octest */ = {
			isa = PBXReferenceProxy;
			fileType = wrapper.cfbundle;
			path = ExpectaTests.octest;
			remoteRef = 8467C6E3171E589200A1F343 /* PBXContainerItemProxy */;
			sourceTree = BUILT_PRODUCTS_DIR;
		};
		8467C6E6171E589200A1F343 /* Expecta-iOSTests.octest */ = {
			isa = PBXReferenceProxy;
			fileType = wrapper.cfbundle;
			path = "Expecta-iOSTests.octest";
			remoteRef = 8467C6E5171E589200A1F343 /* PBXContainerItemProxy */;
			sourceTree = BUILT_PRODUCTS_DIR;
		};
		8467C6EF171E589500A1F343 /* libSpecta.a */ = {
			isa = PBXReferenceProxy;
			fileType = archive.ar;
			path = libSpecta.a;
			remoteRef = 8467C6EE171E589500A1F343 /* PBXContainerItemProxy */;
			sourceTree = BUILT_PRODUCTS_DIR;
		};
		8467C6F1171E589500A1F343 /* libSpecta-iOS.a */ = {
			isa = PBXReferenceProxy;
			fileType = archive.ar;
			path = "libSpecta-iOS.a";
			remoteRef = 8467C6F0171E589500A1F343 /* PBXContainerItemProxy */;
			sourceTree = BUILT_PRODUCTS_DIR;
		};
		8467C6F3171E589500A1F343 /* SpectaTests.octest */ = {
			isa = PBXReferenceProxy;
			fileType = wrapper.cfbundle;
			path = SpectaTests.octest;
			remoteRef = 8467C6F2171E589500A1F343 /* PBXContainerItemProxy */;
			sourceTree = BUILT_PRODUCTS_DIR;
		};
		8467C6F5171E589500A1F343 /* Specta-iOSTests.octest */ = {
			isa = PBXReferenceProxy;
			fileType = wrapper.cfbundle;
			path = "Specta-iOSTests.octest";
			remoteRef = 8467C6F4171E589500A1F343 /* PBXContainerItemProxy */;
			sourceTree = BUILT_PRODUCTS_DIR;
		};
		ABFF7F3A17D0500900B898FB /* BTRScrollView.framework */ = {
			isa = PBXReferenceProxy;
			fileType = wrapper.framework;
			path = BTRScrollView.framework;
			remoteRef = ABFF7F3917D0500900B898FB /* PBXContainerItemProxy */;
			sourceTree = BUILT_PRODUCTS_DIR;
		};
/* End PBXReferenceProxy section */

/* Begin PBXResourcesBuildPhase section */
		ABB023EF170791D300537A92 /* Resources */ = {
			isa = PBXResourcesBuildPhase;
			buildActionMask = 2147483647;
			files = (
				AB3C720C170CA8F3004A91DB /* InfoPlist.strings in Resources */,
			);
			runOnlyForDeploymentPostprocessing = 0;
		};
		ABB02406170791D300537A92 /* Resources */ = {
			isa = PBXResourcesBuildPhase;
			buildActionMask = 2147483647;
			files = (
				AB3C7249170CAD13004A91DB /* InfoPlist.strings in Resources */,
			);
			runOnlyForDeploymentPostprocessing = 0;
		};
/* End PBXResourcesBuildPhase section */

/* Begin PBXShellScriptBuildPhase section */
		ABB02407170791D300537A92 /* ShellScript */ = {
			isa = PBXShellScriptBuildPhase;
			buildActionMask = 2147483647;
			files = (
			);
			inputPaths = (
			);
			outputPaths = (
			);
			runOnlyForDeploymentPostprocessing = 0;
			shellPath = /bin/sh;
			shellScript = "# Run the unit tests in this test bundle.\n\"${SYSTEM_DEVELOPER_DIR}/Tools/RunUnitTests\"\n";
		};
/* End PBXShellScriptBuildPhase section */

/* Begin PBXSourcesBuildPhase section */
		ABB023EC170791D300537A92 /* Sources */ = {
			isa = PBXSourcesBuildPhase;
			buildActionMask = 2147483647;
			files = (
				AB3C71F5170CA8D3004A91DB /* JNWCollectionView.m in Sources */,
				AB3C71F9170CA8D3004A91DB /* JNWCollectionViewCell.m in Sources */,
				AB3C71FD170CA8D3004A91DB /* JNWCollectionViewReusableView.m in Sources */,
				AB3C7203170CA8D3004A91DB /* NSIndexPath+JNWAdditions.m in Sources */,
				AB1514701714C90800871248 /* JNWCollectionViewLayout.m in Sources */,
				AB1514751714D39600871248 /* JNWCollectionViewListLayout.m in Sources */,
				AB1514831715361E00871248 /* JNWCollectionViewGridLayout.m in Sources */,
				AB1514961717443F00871248 /* JNWCollectionViewFlowLayout.m in Sources */,
				ABA276B3171D1C4B005C8E56 /* JNWCollectionViewDocumentView.m in Sources */,
				ABE145361747519700DD3FCA /* JNWCollectionViewData.m in Sources */,
			);
			runOnlyForDeploymentPostprocessing = 0;
		};
		ABB02404170791D300537A92 /* Sources */ = {
			isa = PBXSourcesBuildPhase;
			buildActionMask = 2147483647;
			files = (
				8467C6D7171E587F00A1F343 /* JNWCollectionViewReusableViewSpec.m in Sources */,
				ABBEA58B171E7D7A00A6F03D /* JNWCollectionViewSpec.m in Sources */,
				ABDE2699172BD9B100F8924F /* JNWTestImplementation.m in Sources */,
			);
			runOnlyForDeploymentPostprocessing = 0;
		};
/* End PBXSourcesBuildPhase section */

/* Begin PBXTargetDependency section */
		8467C6F7171E58F100A1F343 /* PBXTargetDependency */ = {
			isa = PBXTargetDependency;
			name = Specta;
			targetProxy = 8467C6F6171E58F100A1F343 /* PBXContainerItemProxy */;
		};
		8467C6F9171E58F100A1F343 /* PBXTargetDependency */ = {
			isa = PBXTargetDependency;
			name = Expecta;
			targetProxy = 8467C6F8171E58F100A1F343 /* PBXContainerItemProxy */;
		};
		ABB0240E170791D300537A92 /* PBXTargetDependency */ = {
			isa = PBXTargetDependency;
			target = ABB023F0170791D300537A92 /* JNWCollectionView */;
			targetProxy = ABB0240D170791D300537A92 /* PBXContainerItemProxy */;
		};
		ABFF7F3C17D0505A00B898FB /* PBXTargetDependency */ = {
			isa = PBXTargetDependency;
			name = BTRScrollView;
			targetProxy = ABFF7F3B17D0505A00B898FB /* PBXContainerItemProxy */;
		};
/* End PBXTargetDependency section */

/* Begin PBXVariantGroup section */
		AB3C720A170CA8F3004A91DB /* InfoPlist.strings */ = {
			isa = PBXVariantGroup;
			children = (
				AB3C720B170CA8F3004A91DB /* en */,
			);
			name = InfoPlist.strings;
			sourceTree = "<group>";
		};
		AB3C7211170CA981004A91DB /* InfoPlist.strings */ = {
			isa = PBXVariantGroup;
			children = (
				AB3C7212170CA981004A91DB /* en */,
			);
			name = InfoPlist.strings;
			path = JNWTableViewTests;
			sourceTree = SOURCE_ROOT;
		};
/* End PBXVariantGroup section */

/* Begin XCBuildConfiguration section */
		ABB02419170791D300537A92 /* Debug */ = {
			isa = XCBuildConfiguration;
			buildSettings = {
				ALWAYS_SEARCH_USER_PATHS = NO;
				CLANG_CXX_LANGUAGE_STANDARD = "gnu++0x";
				CLANG_CXX_LIBRARY = "libc++";
				CLANG_ENABLE_OBJC_ARC = YES;
				CLANG_WARN_CONSTANT_CONVERSION = YES;
				CLANG_WARN_EMPTY_BODY = YES;
				CLANG_WARN_ENUM_CONVERSION = YES;
				CLANG_WARN_INT_CONVERSION = YES;
				CLANG_WARN__DUPLICATE_METHOD_MATCH = YES;
				COPY_PHASE_STRIP = NO;
				GCC_C_LANGUAGE_STANDARD = gnu99;
				GCC_DYNAMIC_NO_PIC = NO;
				GCC_ENABLE_OBJC_EXCEPTIONS = YES;
				GCC_OPTIMIZATION_LEVEL = 0;
				GCC_PREPROCESSOR_DEFINITIONS = (
					"DEBUG=1",
					"$(inherited)",
				);
				GCC_SYMBOLS_PRIVATE_EXTERN = NO;
				GCC_WARN_64_TO_32_BIT_CONVERSION = YES;
				GCC_WARN_ABOUT_RETURN_TYPE = YES;
				GCC_WARN_UNINITIALIZED_AUTOS = YES;
				GCC_WARN_UNUSED_VARIABLE = YES;
				MACOSX_DEPLOYMENT_TARGET = 10.8;
				ONLY_ACTIVE_ARCH = YES;
				SDKROOT = macosx;
			};
			name = Debug;
		};
		ABB0241A170791D300537A92 /* Release */ = {
			isa = XCBuildConfiguration;
			buildSettings = {
				ALWAYS_SEARCH_USER_PATHS = NO;
				CLANG_CXX_LANGUAGE_STANDARD = "gnu++0x";
				CLANG_CXX_LIBRARY = "libc++";
				CLANG_ENABLE_OBJC_ARC = YES;
				CLANG_WARN_CONSTANT_CONVERSION = YES;
				CLANG_WARN_EMPTY_BODY = YES;
				CLANG_WARN_ENUM_CONVERSION = YES;
				CLANG_WARN_INT_CONVERSION = YES;
				CLANG_WARN__DUPLICATE_METHOD_MATCH = YES;
				COPY_PHASE_STRIP = YES;
				DEBUG_INFORMATION_FORMAT = "dwarf-with-dsym";
				GCC_C_LANGUAGE_STANDARD = gnu99;
				GCC_ENABLE_OBJC_EXCEPTIONS = YES;
				GCC_WARN_64_TO_32_BIT_CONVERSION = YES;
				GCC_WARN_ABOUT_RETURN_TYPE = YES;
				GCC_WARN_UNINITIALIZED_AUTOS = YES;
				GCC_WARN_UNUSED_VARIABLE = YES;
				MACOSX_DEPLOYMENT_TARGET = 10.8;
				SDKROOT = macosx;
			};
			name = Release;
		};
		ABB0241C170791D300537A92 /* Debug */ = {
			isa = XCBuildConfiguration;
			buildSettings = {
				COMBINE_HIDPI_IMAGES = YES;
				DYLIB_COMPATIBILITY_VERSION = 1;
				DYLIB_CURRENT_VERSION = 1;
				FRAMEWORK_VERSION = A;
				GCC_PRECOMPILE_PREFIX_HEADER = YES;
				GCC_PREFIX_HEADER = "JNWCollectionView/JNWCollectionView-Prefix.pch";
				INFOPLIST_FILE = "JNWCollectionView/JNWCollectionView-Info.plist";
				INSTALL_PATH = "@rpath";
				LD_DYLIB_INSTALL_NAME = "@rpath/$(PRODUCT_NAME).$(WRAPPER_EXTENSION)/$(PRODUCT_NAME)";
				LD_RUNPATH_SEARCH_PATHS = "@loader_path/Frameworks";
				PRODUCT_NAME = JNWCollectionView;
				WRAPPER_EXTENSION = framework;
			};
			name = Debug;
		};
		ABB0241D170791D300537A92 /* Release */ = {
			isa = XCBuildConfiguration;
			buildSettings = {
				COMBINE_HIDPI_IMAGES = YES;
				DYLIB_COMPATIBILITY_VERSION = 1;
				DYLIB_CURRENT_VERSION = 1;
				FRAMEWORK_VERSION = A;
				GCC_PRECOMPILE_PREFIX_HEADER = YES;
				GCC_PREFIX_HEADER = "JNWCollectionView/JNWCollectionView-Prefix.pch";
				INFOPLIST_FILE = "JNWCollectionView/JNWCollectionView-Info.plist";
				INSTALL_PATH = "@rpath";
				LD_DYLIB_INSTALL_NAME = "@rpath/$(PRODUCT_NAME).$(WRAPPER_EXTENSION)/$(PRODUCT_NAME)";
				LD_RUNPATH_SEARCH_PATHS = "@loader_path/Frameworks";
				PRODUCT_NAME = JNWCollectionView;
				WRAPPER_EXTENSION = framework;
			};
			name = Release;
		};
		ABB0241F170791D300537A92 /* Debug */ = {
			isa = XCBuildConfiguration;
			buildSettings = {
				COMBINE_HIDPI_IMAGES = YES;
				FRAMEWORK_SEARCH_PATHS = "\"$(DEVELOPER_LIBRARY_DIR)/Frameworks\"";
				GCC_PRECOMPILE_PREFIX_HEADER = YES;
				GCC_PREFIX_HEADER = "JNWCollectionViewTests/JNWCollectionViewTests-Tests.pch";
				HEADER_SEARCH_PATHS = (
					"$(SRCROOT)/external/Expecta/src/**",
					"$(SRCROOT)/external/Specta/src/**",
				);
				INFOPLIST_FILE = "JNWCollectionViewTests/JNWCollectionViewTests-Info.plist";
				OTHER_LDFLAGS = "-ObjC";
				PRODUCT_NAME = JNWCollectionViewTests;
				WRAPPER_EXTENSION = octest;
			};
			name = Debug;
		};
		ABB02420170791D300537A92 /* Release */ = {
			isa = XCBuildConfiguration;
			buildSettings = {
				COMBINE_HIDPI_IMAGES = YES;
				FRAMEWORK_SEARCH_PATHS = "\"$(DEVELOPER_LIBRARY_DIR)/Frameworks\"";
				GCC_PRECOMPILE_PREFIX_HEADER = YES;
				GCC_PREFIX_HEADER = "JNWCollectionViewTests/JNWCollectionViewTests-Tests.pch";
				HEADER_SEARCH_PATHS = (
					"$(SRCROOT)/external/Expecta/src/**",
					"$(SRCROOT)/external/Specta/src/**",
				);
				INFOPLIST_FILE = "JNWCollectionViewTests/JNWCollectionViewTests-Info.plist";
				OTHER_LDFLAGS = "-ObjC";
				PRODUCT_NAME = JNWCollectionViewTests;
				WRAPPER_EXTENSION = octest;
			};
			name = Release;
		};
/* End XCBuildConfiguration section */

/* Begin XCConfigurationList section */
		ABB023EB170791D300537A92 /* Build configuration list for PBXProject "JNWCollectionView" */ = {
			isa = XCConfigurationList;
			buildConfigurations = (
				ABB02419170791D300537A92 /* Debug */,
				ABB0241A170791D300537A92 /* Release */,
			);
			defaultConfigurationIsVisible = 0;
			defaultConfigurationName = Release;
		};
		ABB0241B170791D300537A92 /* Build configuration list for PBXNativeTarget "JNWCollectionView" */ = {
			isa = XCConfigurationList;
			buildConfigurations = (
				ABB0241C170791D300537A92 /* Debug */,
				ABB0241D170791D300537A92 /* Release */,
			);
			defaultConfigurationIsVisible = 0;
			defaultConfigurationName = Release;
		};
		ABB0241E170791D300537A92 /* Build configuration list for PBXNativeTarget "JNWCollectionViewTests" */ = {
			isa = XCConfigurationList;
			buildConfigurations = (
				ABB0241F170791D300537A92 /* Debug */,
				ABB02420170791D300537A92 /* Release */,
			);
			defaultConfigurationIsVisible = 0;
			defaultConfigurationName = Release;
		};
/* End XCConfigurationList section */
	};
	rootObject = ABB023E8170791D300537A92 /* Project object */;
}
