// !$*UTF8*$!
{
	archiveVersion = 1;
	classes = {
	};
	objectVersion = 46;
	objects = {

/* Begin PBXBuildFile section */
		7BB0927F19AE736300E22ABC /* XCTest.framework in Frameworks */ = {isa = PBXBuildFile; fileRef = 7BB0927E19AE736300E22ABC /* XCTest.framework */; };
		7BB0929219AE737500E22ABC /* libSpecta-OSX.a in Frameworks */ = {isa = PBXBuildFile; fileRef = 7BB0927019AE718700E22ABC /* libSpecta-OSX.a */; };
		7BB0929319AE737800E22ABC /* libExpecta.a in Frameworks */ = {isa = PBXBuildFile; fileRef = 8467C6E0171E589200A1F343 /* libExpecta.a */; };
		7BB0929419AE73AE00E22ABC /* JNWCollectionViewReusableViewSpec.m in Sources */ = {isa = PBXBuildFile; fileRef = 8467C6D6171E587F00A1F343 /* JNWCollectionViewReusableViewSpec.m */; };
		7BB0929519AE73AE00E22ABC /* JNWCollectionViewSpec.m in Sources */ = {isa = PBXBuildFile; fileRef = ABBEA58A171E7D7A00A6F03D /* JNWCollectionViewSpec.m */; };
		7BB0929619AE73AE00E22ABC /* JNWTestImplementation.m in Sources */ = {isa = PBXBuildFile; fileRef = ABDE2698172BD9B100F8924F /* JNWTestImplementation.m */; };
		7BB0929719AE742400E22ABC /* JNWCollectionView.framework in Frameworks */ = {isa = PBXBuildFile; fileRef = ABB023F1170791D300537A92 /* JNWCollectionView.framework */; };
		AB0EA369189472A400E28525 /* JNWCollectionViewLayout+Private.h in Headers */ = {isa = PBXBuildFile; fileRef = AB0EA368189472A400E28525 /* JNWCollectionViewLayout+Private.h */; };
		AB15146F1714C90800871248 /* JNWCollectionViewLayout.h in Headers */ = {isa = PBXBuildFile; fileRef = AB15146D1714C90800871248 /* JNWCollectionViewLayout.h */; settings = {ATTRIBUTES = (Public, ); }; };
		AB1514701714C90800871248 /* JNWCollectionViewLayout.m in Sources */ = {isa = PBXBuildFile; fileRef = AB15146E1714C90800871248 /* JNWCollectionViewLayout.m */; };
		AB1514741714D39600871248 /* JNWCollectionViewListLayout.h in Headers */ = {isa = PBXBuildFile; fileRef = AB1514721714D39600871248 /* JNWCollectionViewListLayout.h */; settings = {ATTRIBUTES = (Public, ); }; };
		AB1514751714D39600871248 /* JNWCollectionViewListLayout.m in Sources */ = {isa = PBXBuildFile; fileRef = AB1514731714D39600871248 /* JNWCollectionViewListLayout.m */; };
		AB1514821715361E00871248 /* JNWCollectionViewGridLayout.h in Headers */ = {isa = PBXBuildFile; fileRef = AB1514801715361D00871248 /* JNWCollectionViewGridLayout.h */; settings = {ATTRIBUTES = (Public, ); }; };
		AB1514831715361E00871248 /* JNWCollectionViewGridLayout.m in Sources */ = {isa = PBXBuildFile; fileRef = AB1514811715361D00871248 /* JNWCollectionViewGridLayout.m */; };
		AB38E38E17DF099A00D50B3C /* JNWClipView.h in Headers */ = {isa = PBXBuildFile; fileRef = AB38E38A17DF099A00D50B3C /* JNWClipView.h */; settings = {ATTRIBUTES = (Public, ); }; };
		AB38E38F17DF099A00D50B3C /* JNWClipView.m in Sources */ = {isa = PBXBuildFile; fileRef = AB38E38B17DF099A00D50B3C /* JNWClipView.m */; };
		AB38E39017DF099A00D50B3C /* JNWScrollView.h in Headers */ = {isa = PBXBuildFile; fileRef = AB38E38C17DF099A00D50B3C /* JNWScrollView.h */; settings = {ATTRIBUTES = (Public, ); }; };
		AB38E39117DF099A00D50B3C /* JNWScrollView.m in Sources */ = {isa = PBXBuildFile; fileRef = AB38E38D17DF099A00D50B3C /* JNWScrollView.m */; };
		AB39819D1731A1B50062B2E0 /* JNWCollectionViewReusableView+Private.h in Headers */ = {isa = PBXBuildFile; fileRef = AB39819C1731A1B50062B2E0 /* JNWCollectionViewReusableView+Private.h */; };
		AB3C71F4170CA8D3004A91DB /* JNWCollectionViewFramework.h in Headers */ = {isa = PBXBuildFile; fileRef = AB3C71E8170CA8D3004A91DB /* JNWCollectionViewFramework.h */; settings = {ATTRIBUTES = (Public, ); }; };
		AB3C71F5170CA8D3004A91DB /* JNWCollectionViewFramework.m in Sources */ = {isa = PBXBuildFile; fileRef = AB3C71E9170CA8D3004A91DB /* JNWCollectionViewFramework.m */; };
		AB3C71F7170CA8D3004A91DB /* JNWCollectionView+Private.h in Headers */ = {isa = PBXBuildFile; fileRef = AB3C71EA170CA8D3004A91DB /* JNWCollectionView+Private.h */; };
		AB3C71F8170CA8D3004A91DB /* JNWCollectionViewCell.h in Headers */ = {isa = PBXBuildFile; fileRef = AB3C71EB170CA8D3004A91DB /* JNWCollectionViewCell.h */; settings = {ATTRIBUTES = (Public, ); }; };
		AB3C71F9170CA8D3004A91DB /* JNWCollectionViewCell.m in Sources */ = {isa = PBXBuildFile; fileRef = AB3C71EC170CA8D3004A91DB /* JNWCollectionViewCell.m */; };
		AB3C71FB170CA8D3004A91DB /* JNWCollectionViewCell+Private.h in Headers */ = {isa = PBXBuildFile; fileRef = AB3C71ED170CA8D3004A91DB /* JNWCollectionViewCell+Private.h */; };
		AB3C71FC170CA8D3004A91DB /* JNWCollectionViewReusableView.h in Headers */ = {isa = PBXBuildFile; fileRef = AB3C71EE170CA8D3004A91DB /* JNWCollectionViewReusableView.h */; settings = {ATTRIBUTES = (Public, ); }; };
		AB3C71FD170CA8D3004A91DB /* JNWCollectionViewReusableView.m in Sources */ = {isa = PBXBuildFile; fileRef = AB3C71EF170CA8D3004A91DB /* JNWCollectionViewReusableView.m */; };
		AB3C7202170CA8D3004A91DB /* NSIndexPath+JNWAdditions.h in Headers */ = {isa = PBXBuildFile; fileRef = AB3C71F2170CA8D3004A91DB /* NSIndexPath+JNWAdditions.h */; settings = {ATTRIBUTES = (Public, ); }; };
		AB3C7203170CA8D3004A91DB /* NSIndexPath+JNWAdditions.m in Sources */ = {isa = PBXBuildFile; fileRef = AB3C71F3170CA8D3004A91DB /* NSIndexPath+JNWAdditions.m */; };
		AB3C7209170CA8EF004A91DB /* JNWCollectionView-Prefix.pch in Headers */ = {isa = PBXBuildFile; fileRef = AB3C7206170CA8EF004A91DB /* JNWCollectionView-Prefix.pch */; };
		ABA276B2171D1C4B005C8E56 /* JNWCollectionViewDocumentView.h in Headers */ = {isa = PBXBuildFile; fileRef = ABA276B0171D1C4B005C8E56 /* JNWCollectionViewDocumentView.h */; };
		ABA276B3171D1C4B005C8E56 /* JNWCollectionViewDocumentView.m in Sources */ = {isa = PBXBuildFile; fileRef = ABA276B1171D1C4B005C8E56 /* JNWCollectionViewDocumentView.m */; };
		ABC05C691807808E00CAED48 /* JNWCollectionView.h in Headers */ = {isa = PBXBuildFile; fileRef = ABC05C681807808E00CAED48 /* JNWCollectionView.h */; settings = {ATTRIBUTES = (Public, ); }; };
		ABE145351747519700DD3FCA /* JNWCollectionViewData.h in Headers */ = {isa = PBXBuildFile; fileRef = ABE145331747519700DD3FCA /* JNWCollectionViewData.h */; };
		ABE145361747519700DD3FCA /* JNWCollectionViewData.m in Sources */ = {isa = PBXBuildFile; fileRef = ABE145341747519700DD3FCA /* JNWCollectionViewData.m */; };
/* End PBXBuildFile section */

/* Begin PBXContainerItemProxy section */
		7BB0926A19AE718700E22ABC /* PBXContainerItemProxy */ = {
			isa = PBXContainerItemProxy;
			containerPortal = 8467C6D8171E589200A1F343 /* Expecta.xcodeproj */;
			proxyType = 2;
			remoteGlobalIDString = 9C4416F917FF3F4A00978F09;
			remoteInfo = "ExpectaTests-XCTest";
		};
		7BB0926F19AE718700E22ABC /* PBXContainerItemProxy */ = {
			isa = PBXContainerItemProxy;
			containerPortal = 8467C6E7171E589500A1F343 /* Specta.xcodeproj */;
			proxyType = 2;
			remoteGlobalIDString = E9901C2A18205AB100844A05;
			remoteInfo = "Specta-OSX";
		};
		7BB0927119AE718700E22ABC /* PBXContainerItemProxy */ = {
			isa = PBXContainerItemProxy;
			containerPortal = 8467C6E7171E589500A1F343 /* Specta.xcodeproj */;
			proxyType = 2;
			remoteGlobalIDString = E9901C0D18205A3500844A05;
			remoteInfo = "SpectaTests-iOS";
		};
		7BB0927319AE718700E22ABC /* PBXContainerItemProxy */ = {
			isa = PBXContainerItemProxy;
			containerPortal = 8467C6E7171E589500A1F343 /* Specta.xcodeproj */;
			proxyType = 2;
			remoteGlobalIDString = E9901C3B18205AB100844A05;
			remoteInfo = "Specta-OSXTests";
		};
		7BB0928919AE736300E22ABC /* PBXContainerItemProxy */ = {
			isa = PBXContainerItemProxy;
			containerPortal = ABB023E8170791D300537A92 /* Project object */;
			proxyType = 1;
			remoteGlobalIDString = ABB023F0170791D300537A92;
			remoteInfo = JNWCollectionView;
		};
		7BB0928E19AE737100E22ABC /* PBXContainerItemProxy */ = {
			isa = PBXContainerItemProxy;
			containerPortal = 8467C6E7171E589500A1F343 /* Specta.xcodeproj */;
			proxyType = 1;
			remoteGlobalIDString = E9901C2918205AB100844A05;
			remoteInfo = "Specta-OSX";
		};
		7BB0929019AE737100E22ABC /* PBXContainerItemProxy */ = {
			isa = PBXContainerItemProxy;
			containerPortal = 8467C6D8171E589200A1F343 /* Expecta.xcodeproj */;
			proxyType = 1;
			remoteGlobalIDString = E9ACDF0B13B2DD520010F4D7;
			remoteInfo = Expecta;
		};
		8467C6DF171E589200A1F343 /* PBXContainerItemProxy */ = {
			isa = PBXContainerItemProxy;
			containerPortal = 8467C6D8171E589200A1F343 /* Expecta.xcodeproj */;
			proxyType = 2;
			remoteGlobalIDString = E9ACDF0C13B2DD520010F4D7;
			remoteInfo = Expecta;
		};
		8467C6E1171E589200A1F343 /* PBXContainerItemProxy */ = {
			isa = PBXContainerItemProxy;
			containerPortal = 8467C6D8171E589200A1F343 /* Expecta.xcodeproj */;
			proxyType = 2;
			remoteGlobalIDString = E93067CE13B2E6D100EA26FF;
			remoteInfo = "Expecta-iOS";
		};
		8467C6E3171E589200A1F343 /* PBXContainerItemProxy */ = {
			isa = PBXContainerItemProxy;
			containerPortal = 8467C6D8171E589200A1F343 /* Expecta.xcodeproj */;
			proxyType = 2;
			remoteGlobalIDString = E9ACDF1D13B2DD520010F4D7;
			remoteInfo = ExpectaTests;
		};
		8467C6E5171E589200A1F343 /* PBXContainerItemProxy */ = {
			isa = PBXContainerItemProxy;
			containerPortal = 8467C6D8171E589200A1F343 /* Expecta.xcodeproj */;
			proxyType = 2;
			remoteGlobalIDString = E93067DA13B2E6D100EA26FF;
			remoteInfo = "Expecta-iOSTests";
		};
		8467C6F0171E589500A1F343 /* PBXContainerItemProxy */ = {
			isa = PBXContainerItemProxy;
			containerPortal = 8467C6E7171E589500A1F343 /* Specta.xcodeproj */;
			proxyType = 2;
			remoteGlobalIDString = E9B777A414BA294B00D8DC76;
			remoteInfo = "Specta-iOS";
		};
/* End PBXContainerItemProxy section */

/* Begin PBXFileReference section */
		7BB0927C19AE736300E22ABC /* JNWCollectionViewTests.xctest */ = {isa = PBXFileReference; explicitFileType = wrapper.cfbundle; includeInIndex = 0; path = JNWCollectionViewTests.xctest; sourceTree = BUILT_PRODUCTS_DIR; };
		7BB0927E19AE736300E22ABC /* XCTest.framework */ = {isa = PBXFileReference; lastKnownFileType = wrapper.framework; name = XCTest.framework; path = System/Library/Frameworks/XCTest.framework; sourceTree = SDKROOT; };
		7BB0928219AE736300E22ABC /* JNWCollectionViewTests-Info.plist */ = {isa = PBXFileReference; lastKnownFileType = text.plist.xml; path = "JNWCollectionViewTests-Info.plist"; sourceTree = "<group>"; };
		7BB0928419AE736300E22ABC /* en */ = {isa = PBXFileReference; lastKnownFileType = text.plist.strings; name = en; path = en.lproj/InfoPlist.strings; sourceTree = "<group>"; };
		7BB0928619AE736300E22ABC /* JNWCollectionViewTests.m */ = {isa = PBXFileReference; lastKnownFileType = sourcecode.c.objc; path = JNWCollectionViewTests.m; sourceTree = "<group>"; };
		7BB0928819AE736300E22ABC /* JNWCollectionViewTests-Prefix.pch */ = {isa = PBXFileReference; lastKnownFileType = sourcecode.c.h; path = "JNWCollectionViewTests-Prefix.pch"; sourceTree = "<group>"; };
		7BD7E86A19AE660C0092F834 /* LICENSE.md */ = {isa = PBXFileReference; lastKnownFileType = text; path = LICENSE.md; sourceTree = SOURCE_ROOT; };
		7BD7E86B19AE660C0092F834 /* README.md */ = {isa = PBXFileReference; lastKnownFileType = text; path = README.md; sourceTree = SOURCE_ROOT; };
		8467C6D6171E587F00A1F343 /* JNWCollectionViewReusableViewSpec.m */ = {isa = PBXFileReference; fileEncoding = 4; lastKnownFileType = sourcecode.c.objc; lineEnding = 0; name = JNWCollectionViewReusableViewSpec.m; path = JNWCollectionViewTests/JNWCollectionViewReusableViewSpec.m; sourceTree = SOURCE_ROOT; xcLanguageSpecificationIdentifier = xcode.lang.objc; };
		8467C6D8171E589200A1F343 /* Expecta.xcodeproj */ = {isa = PBXFileReference; lastKnownFileType = "wrapper.pb-project"; name = Expecta.xcodeproj; path = external/Expecta/Expecta.xcodeproj; sourceTree = SOURCE_ROOT; };
		8467C6E7171E589500A1F343 /* Specta.xcodeproj */ = {isa = PBXFileReference; lastKnownFileType = "wrapper.pb-project"; name = Specta.xcodeproj; path = external/Specta/Specta.xcodeproj; sourceTree = SOURCE_ROOT; };
		8467C704171E5C9B00A1F343 /* JNWCollectionViewTests-Prefix.pch */ = {isa = PBXFileReference; fileEncoding = 4; lastKnownFileType = sourcecode.c.h; lineEnding = 0; name = "JNWCollectionViewTests-Prefix.pch"; path = "JNWCollectionViewTests/JNWCollectionViewTests-Prefix.pch"; sourceTree = SOURCE_ROOT; xcLanguageSpecificationIdentifier = xcode.lang.objc; };
		AB0EA368189472A400E28525 /* JNWCollectionViewLayout+Private.h */ = {isa = PBXFileReference; fileEncoding = 4; lastKnownFileType = sourcecode.c.h; name = "JNWCollectionViewLayout+Private.h"; path = "JNWCollectionView/JNWCollectionViewLayout+Private.h"; sourceTree = SOURCE_ROOT; };
		AB15146D1714C90800871248 /* JNWCollectionViewLayout.h */ = {isa = PBXFileReference; fileEncoding = 4; lastKnownFileType = sourcecode.c.h; name = JNWCollectionViewLayout.h; path = JNWCollectionView/JNWCollectionViewLayout.h; sourceTree = SOURCE_ROOT; };
		AB15146E1714C90800871248 /* JNWCollectionViewLayout.m */ = {isa = PBXFileReference; fileEncoding = 4; lastKnownFileType = sourcecode.c.objc; lineEnding = 0; name = JNWCollectionViewLayout.m; path = JNWCollectionView/JNWCollectionViewLayout.m; sourceTree = SOURCE_ROOT; xcLanguageSpecificationIdentifier = xcode.lang.objc; };
		AB1514721714D39600871248 /* JNWCollectionViewListLayout.h */ = {isa = PBXFileReference; fileEncoding = 4; lastKnownFileType = sourcecode.c.h; lineEnding = 0; name = JNWCollectionViewListLayout.h; path = JNWCollectionView/JNWCollectionViewListLayout.h; sourceTree = SOURCE_ROOT; xcLanguageSpecificationIdentifier = xcode.lang.objcpp; };
		AB1514731714D39600871248 /* JNWCollectionViewListLayout.m */ = {isa = PBXFileReference; fileEncoding = 4; lastKnownFileType = sourcecode.c.objc; lineEnding = 0; name = JNWCollectionViewListLayout.m; path = JNWCollectionView/JNWCollectionViewListLayout.m; sourceTree = SOURCE_ROOT; xcLanguageSpecificationIdentifier = xcode.lang.objc; };
		AB1514801715361D00871248 /* JNWCollectionViewGridLayout.h */ = {isa = PBXFileReference; fileEncoding = 4; lastKnownFileType = sourcecode.c.h; lineEnding = 0; name = JNWCollectionViewGridLayout.h; path = JNWCollectionView/JNWCollectionViewGridLayout.h; sourceTree = SOURCE_ROOT; xcLanguageSpecificationIdentifier = xcode.lang.objcpp; };
		AB1514811715361D00871248 /* JNWCollectionViewGridLayout.m */ = {isa = PBXFileReference; fileEncoding = 4; lastKnownFileType = sourcecode.c.objc; lineEnding = 0; name = JNWCollectionViewGridLayout.m; path = JNWCollectionView/JNWCollectionViewGridLayout.m; sourceTree = SOURCE_ROOT; xcLanguageSpecificationIdentifier = xcode.lang.objc; };
		AB38E38A17DF099A00D50B3C /* JNWClipView.h */ = {isa = PBXFileReference; fileEncoding = 4; lastKnownFileType = sourcecode.c.h; name = JNWClipView.h; path = external/JNWScrollView/JNWClipView.h; sourceTree = SOURCE_ROOT; };
		AB38E38B17DF099A00D50B3C /* JNWClipView.m */ = {isa = PBXFileReference; fileEncoding = 4; lastKnownFileType = sourcecode.c.objc; name = JNWClipView.m; path = external/JNWScrollView/JNWClipView.m; sourceTree = SOURCE_ROOT; };
		AB38E38C17DF099A00D50B3C /* JNWScrollView.h */ = {isa = PBXFileReference; fileEncoding = 4; lastKnownFileType = sourcecode.c.h; name = JNWScrollView.h; path = external/JNWScrollView/JNWScrollView.h; sourceTree = SOURCE_ROOT; };
		AB38E38D17DF099A00D50B3C /* JNWScrollView.m */ = {isa = PBXFileReference; fileEncoding = 4; lastKnownFileType = sourcecode.c.objc; name = JNWScrollView.m; path = external/JNWScrollView/JNWScrollView.m; sourceTree = SOURCE_ROOT; };
		AB39819C1731A1B50062B2E0 /* JNWCollectionViewReusableView+Private.h */ = {isa = PBXFileReference; fileEncoding = 4; lastKnownFileType = sourcecode.c.h; lineEnding = 0; name = "JNWCollectionViewReusableView+Private.h"; path = "JNWCollectionView/JNWCollectionViewReusableView+Private.h"; sourceTree = SOURCE_ROOT; xcLanguageSpecificationIdentifier = xcode.lang.objcpp; };
		AB3C71E8170CA8D3004A91DB /* JNWCollectionViewFramework.h */ = {isa = PBXFileReference; fileEncoding = 4; lastKnownFileType = sourcecode.c.h; lineEnding = 0; name = JNWCollectionViewFramework.h; path = JNWCollectionView/JNWCollectionViewFramework.h; sourceTree = SOURCE_ROOT; xcLanguageSpecificationIdentifier = xcode.lang.objcpp; };
		AB3C71E9170CA8D3004A91DB /* JNWCollectionViewFramework.m */ = {isa = PBXFileReference; fileEncoding = 4; lastKnownFileType = sourcecode.c.objc; lineEnding = 0; name = JNWCollectionViewFramework.m; path = JNWCollectionView/JNWCollectionViewFramework.m; sourceTree = SOURCE_ROOT; xcLanguageSpecificationIdentifier = xcode.lang.objc; };
		AB3C71EA170CA8D3004A91DB /* JNWCollectionView+Private.h */ = {isa = PBXFileReference; fileEncoding = 4; lastKnownFileType = sourcecode.c.h; lineEnding = 0; name = "JNWCollectionView+Private.h"; path = "JNWCollectionView/JNWCollectionView+Private.h"; sourceTree = SOURCE_ROOT; xcLanguageSpecificationIdentifier = xcode.lang.objcpp; };
		AB3C71EB170CA8D3004A91DB /* JNWCollectionViewCell.h */ = {isa = PBXFileReference; fileEncoding = 4; lastKnownFileType = sourcecode.c.h; lineEnding = 0; name = JNWCollectionViewCell.h; path = JNWCollectionView/JNWCollectionViewCell.h; sourceTree = SOURCE_ROOT; xcLanguageSpecificationIdentifier = xcode.lang.objcpp; };
		AB3C71EC170CA8D3004A91DB /* JNWCollectionViewCell.m */ = {isa = PBXFileReference; fileEncoding = 4; lastKnownFileType = sourcecode.c.objc; lineEnding = 0; name = JNWCollectionViewCell.m; path = JNWCollectionView/JNWCollectionViewCell.m; sourceTree = SOURCE_ROOT; xcLanguageSpecificationIdentifier = xcode.lang.objc; };
		AB3C71ED170CA8D3004A91DB /* JNWCollectionViewCell+Private.h */ = {isa = PBXFileReference; fileEncoding = 4; lastKnownFileType = sourcecode.c.h; lineEnding = 0; name = "JNWCollectionViewCell+Private.h"; path = "JNWCollectionView/JNWCollectionViewCell+Private.h"; sourceTree = SOURCE_ROOT; xcLanguageSpecificationIdentifier = xcode.lang.objcpp; };
		AB3C71EE170CA8D3004A91DB /* JNWCollectionViewReusableView.h */ = {isa = PBXFileReference; fileEncoding = 4; lastKnownFileType = sourcecode.c.h; lineEnding = 0; name = JNWCollectionViewReusableView.h; path = JNWCollectionView/JNWCollectionViewReusableView.h; sourceTree = SOURCE_ROOT; xcLanguageSpecificationIdentifier = xcode.lang.objcpp; };
		AB3C71EF170CA8D3004A91DB /* JNWCollectionViewReusableView.m */ = {isa = PBXFileReference; fileEncoding = 4; lastKnownFileType = sourcecode.c.objc; lineEnding = 0; name = JNWCollectionViewReusableView.m; path = JNWCollectionView/JNWCollectionViewReusableView.m; sourceTree = SOURCE_ROOT; xcLanguageSpecificationIdentifier = xcode.lang.objc; };
		AB3C71F2170CA8D3004A91DB /* NSIndexPath+JNWAdditions.h */ = {isa = PBXFileReference; fileEncoding = 4; lastKnownFileType = sourcecode.c.h; lineEnding = 0; name = "NSIndexPath+JNWAdditions.h"; path = "JNWCollectionView/NSIndexPath+JNWAdditions.h"; sourceTree = SOURCE_ROOT; xcLanguageSpecificationIdentifier = xcode.lang.objcpp; };
		AB3C71F3170CA8D3004A91DB /* NSIndexPath+JNWAdditions.m */ = {isa = PBXFileReference; fileEncoding = 4; lastKnownFileType = sourcecode.c.objc; lineEnding = 0; name = "NSIndexPath+JNWAdditions.m"; path = "JNWCollectionView/NSIndexPath+JNWAdditions.m"; sourceTree = SOURCE_ROOT; xcLanguageSpecificationIdentifier = xcode.lang.objc; };
		AB3C7205170CA8EF004A91DB /* JNWCollectionView-Info.plist */ = {isa = PBXFileReference; fileEncoding = 4; lastKnownFileType = text.plist.xml; name = "JNWCollectionView-Info.plist"; path = "JNWCollectionView/JNWCollectionView-Info.plist"; sourceTree = SOURCE_ROOT; };
		AB3C7206170CA8EF004A91DB /* JNWCollectionView-Prefix.pch */ = {isa = PBXFileReference; fileEncoding = 4; lastKnownFileType = sourcecode.c.h; name = "JNWCollectionView-Prefix.pch"; path = "JNWCollectionView/JNWCollectionView-Prefix.pch"; sourceTree = SOURCE_ROOT; };
		AB3C7214170CA990004A91DB /* JNWCollectionViewTests-Info.plist */ = {isa = PBXFileReference; fileEncoding = 4; lastKnownFileType = text.plist.xml; name = "JNWCollectionViewTests-Info.plist"; path = "JNWCollectionViewTests/JNWCollectionViewTests-Info.plist"; sourceTree = SOURCE_ROOT; };
		ABA276B0171D1C4B005C8E56 /* JNWCollectionViewDocumentView.h */ = {isa = PBXFileReference; fileEncoding = 4; lastKnownFileType = sourcecode.c.h; lineEnding = 0; name = JNWCollectionViewDocumentView.h; path = JNWCollectionView/JNWCollectionViewDocumentView.h; sourceTree = SOURCE_ROOT; xcLanguageSpecificationIdentifier = xcode.lang.objcpp; };
		ABA276B1171D1C4B005C8E56 /* JNWCollectionViewDocumentView.m */ = {isa = PBXFileReference; fileEncoding = 4; lastKnownFileType = sourcecode.c.objc; lineEnding = 0; name = JNWCollectionViewDocumentView.m; path = JNWCollectionView/JNWCollectionViewDocumentView.m; sourceTree = SOURCE_ROOT; xcLanguageSpecificationIdentifier = xcode.lang.objc; };
		ABB023F1170791D300537A92 /* JNWCollectionView.framework */ = {isa = PBXFileReference; explicitFileType = wrapper.framework; includeInIndex = 0; path = JNWCollectionView.framework; sourceTree = BUILT_PRODUCTS_DIR; };
		ABBEA58A171E7D7A00A6F03D /* JNWCollectionViewSpec.m */ = {isa = PBXFileReference; fileEncoding = 4; lastKnownFileType = sourcecode.c.objc; lineEnding = 0; name = JNWCollectionViewSpec.m; path = JNWCollectionViewTests/JNWCollectionViewSpec.m; sourceTree = SOURCE_ROOT; xcLanguageSpecificationIdentifier = xcode.lang.objc; };
		ABC05C681807808E00CAED48 /* JNWCollectionView.h */ = {isa = PBXFileReference; fileEncoding = 4; lastKnownFileType = sourcecode.c.h; lineEnding = 0; name = JNWCollectionView.h; path = JNWCollectionView/JNWCollectionView.h; sourceTree = SOURCE_ROOT; xcLanguageSpecificationIdentifier = xcode.lang.objcpp; };
		ABDE2697172BD9B100F8924F /* JNWTestImplementation.h */ = {isa = PBXFileReference; fileEncoding = 4; lastKnownFileType = sourcecode.c.h; lineEnding = 0; name = JNWTestImplementation.h; path = JNWCollectionViewTests/JNWTestImplementation.h; sourceTree = SOURCE_ROOT; xcLanguageSpecificationIdentifier = xcode.lang.objcpp; };
		ABDE2698172BD9B100F8924F /* JNWTestImplementation.m */ = {isa = PBXFileReference; fileEncoding = 4; lastKnownFileType = sourcecode.c.objc; lineEnding = 0; name = JNWTestImplementation.m; path = JNWCollectionViewTests/JNWTestImplementation.m; sourceTree = SOURCE_ROOT; xcLanguageSpecificationIdentifier = xcode.lang.objc; };
		ABE145331747519700DD3FCA /* JNWCollectionViewData.h */ = {isa = PBXFileReference; fileEncoding = 4; lastKnownFileType = sourcecode.c.h; lineEnding = 0; name = JNWCollectionViewData.h; path = JNWCollectionView/JNWCollectionViewData.h; sourceTree = SOURCE_ROOT; xcLanguageSpecificationIdentifier = xcode.lang.objcpp; };
		ABE145341747519700DD3FCA /* JNWCollectionViewData.m */ = {isa = PBXFileReference; fileEncoding = 4; lastKnownFileType = sourcecode.c.objc; lineEnding = 0; name = JNWCollectionViewData.m; path = JNWCollectionView/JNWCollectionViewData.m; sourceTree = SOURCE_ROOT; xcLanguageSpecificationIdentifier = xcode.lang.objc; };
/* End PBXFileReference section */

/* Begin PBXFrameworksBuildPhase section */
		7BB0927919AE736300E22ABC /* Frameworks */ = {
			isa = PBXFrameworksBuildPhase;
			buildActionMask = 2147483647;
			files = (
				7BB0929719AE742400E22ABC /* JNWCollectionView.framework in Frameworks */,
				7BB0929319AE737800E22ABC /* libExpecta.a in Frameworks */,
				7BB0929219AE737500E22ABC /* libSpecta-OSX.a in Frameworks */,
				7BB0927F19AE736300E22ABC /* XCTest.framework in Frameworks */,
			);
			runOnlyForDeploymentPostprocessing = 0;
		};
		ABB023ED170791D300537A92 /* Frameworks */ = {
			isa = PBXFrameworksBuildPhase;
			buildActionMask = 2147483647;
			files = (
			);
			runOnlyForDeploymentPostprocessing = 0;
		};
/* End PBXFrameworksBuildPhase section */

/* Begin PBXGroup section */
		7BB0927D19AE736300E22ABC /* Frameworks */ = {
			isa = PBXGroup;
			children = (
				7BB0927E19AE736300E22ABC /* XCTest.framework */,
			);
			name = Frameworks;
			sourceTree = "<group>";
		};
		7BB0928019AE736300E22ABC /* JNWCollectionViewTests */ = {
			isa = PBXGroup;
			children = (
				7BB0928619AE736300E22ABC /* JNWCollectionViewTests.m */,
				7BB0928119AE736300E22ABC /* Supporting Files */,
			);
			path = JNWCollectionViewTests;
			sourceTree = "<group>";
		};
		7BB0928119AE736300E22ABC /* Supporting Files */ = {
			isa = PBXGroup;
			children = (
				7BB0928219AE736300E22ABC /* JNWCollectionViewTests-Info.plist */,
				7BB0928319AE736300E22ABC /* InfoPlist.strings */,
				7BB0928819AE736300E22ABC /* JNWCollectionViewTests-Prefix.pch */,
			);
			name = "Supporting Files";
			sourceTree = "<group>";
		};
		8467C6D3171E581300A1F343 /* Supporting Files */ = {
			isa = PBXGroup;
			children = (
				AB46B0AF171F900100F727C7 /* external */,
				ABDE2697172BD9B100F8924F /* JNWTestImplementation.h */,
				ABDE2698172BD9B100F8924F /* JNWTestImplementation.m */,
				AB3C7214170CA990004A91DB /* JNWCollectionViewTests-Info.plist */,
				8467C704171E5C9B00A1F343 /* JNWCollectionViewTests-Prefix.pch */,
			);
			name = "Supporting Files";
			sourceTree = "<group>";
		};
		8467C6D9171E589200A1F343 /* Products */ = {
			isa = PBXGroup;
			children = (
				8467C6E0171E589200A1F343 /* libExpecta.a */,
				8467C6E2171E589200A1F343 /* libExpecta-iOS.a */,
				8467C6E4171E589200A1F343 /* ExpectaTests.octest */,
				8467C6E6171E589200A1F343 /* Expecta-iOSTests.octest */,
				7BB0926B19AE718700E22ABC /* ExpectaTests-XCTest.xctest */,
			);
			name = Products;
			sourceTree = "<group>";
		};
		8467C6E8171E589500A1F343 /* Products */ = {
			isa = PBXGroup;
			children = (
				8467C6F1171E589500A1F343 /* libSpecta-iOS.a */,
				7BB0927019AE718700E22ABC /* libSpecta-OSX.a */,
				7BB0927219AE718700E22ABC /* SpectaTests-iOS.xctest */,
				7BB0927419AE718700E22ABC /* Specta-OSXTests.xctest */,
			);
			name = Products;
			sourceTree = "<group>";
		};
		AB1514711714D36200871248 /* Layouts */ = {
			isa = PBXGroup;
			children = (
				AB15146D1714C90800871248 /* JNWCollectionViewLayout.h */,
				AB15146E1714C90800871248 /* JNWCollectionViewLayout.m */,
				AB1514721714D39600871248 /* JNWCollectionViewListLayout.h */,
				AB1514731714D39600871248 /* JNWCollectionViewListLayout.m */,
				AB1514801715361D00871248 /* JNWCollectionViewGridLayout.h */,
				AB1514811715361D00871248 /* JNWCollectionViewGridLayout.m */,
			);
			name = Layouts;
			path = JNWTableView;
			sourceTree = "<group>";
		};
		AB38E37917DEFA1E00D50B3C /* Private */ = {
			isa = PBXGroup;
			children = (
				AB3C71EA170CA8D3004A91DB /* JNWCollectionView+Private.h */,
				AB3C71ED170CA8D3004A91DB /* JNWCollectionViewCell+Private.h */,
				AB39819C1731A1B50062B2E0 /* JNWCollectionViewReusableView+Private.h */,
				AB0EA368189472A400E28525 /* JNWCollectionViewLayout+Private.h */,
			);
			name = Private;
			path = JNWTableView;
			sourceTree = "<group>";
		};
		AB46B0AF171F900100F727C7 /* external */ = {
			isa = PBXGroup;
			children = (
				8467C6E7171E589500A1F343 /* Specta.xcodeproj */,
				8467C6D8171E589200A1F343 /* Expecta.xcodeproj */,
			);
			name = external;
			sourceTree = "<group>";
		};
		ABB023E7170791D300537A92 = {
			isa = PBXGroup;
			children = (
				ABC05C681807808E00CAED48 /* JNWCollectionView.h */,
				AB3C71E8170CA8D3004A91DB /* JNWCollectionViewFramework.h */,
				AB3C71E9170CA8D3004A91DB /* JNWCollectionViewFramework.m */,
				ABE145331747519700DD3FCA /* JNWCollectionViewData.h */,
				ABE145341747519700DD3FCA /* JNWCollectionViewData.m */,
				ABA276B0171D1C4B005C8E56 /* JNWCollectionViewDocumentView.h */,
				ABA276B1171D1C4B005C8E56 /* JNWCollectionViewDocumentView.m */,
				AB3C71EB170CA8D3004A91DB /* JNWCollectionViewCell.h */,
				AB3C71EC170CA8D3004A91DB /* JNWCollectionViewCell.m */,
				AB3C71EE170CA8D3004A91DB /* JNWCollectionViewReusableView.h */,
				AB3C71EF170CA8D3004A91DB /* JNWCollectionViewReusableView.m */,
				AB3C71F2170CA8D3004A91DB /* NSIndexPath+JNWAdditions.h */,
				AB3C71F3170CA8D3004A91DB /* NSIndexPath+JNWAdditions.m */,
				AB1514711714D36200871248 /* Layouts */,
				AB38E37917DEFA1E00D50B3C /* Private */,
				ABE0A77817C7E22F005F35A8 /* External */,
				ABB023FB170791D300537A92 /* Supporting Files */,
				7BB0928019AE736300E22ABC /* JNWCollectionViewTests */,
				7BB0927D19AE736300E22ABC /* Frameworks */,
			);
			sourceTree = "<group>";
		};
		ABB023F2170791D300537A92 /* Products */ = {
			isa = PBXGroup;
			children = (
				ABB023F1170791D300537A92 /* JNWCollectionView.framework */,
				7BB0927C19AE736300E22ABC /* JNWCollectionViewTests.xctest */,
			);
			name = Products;
			path = ..;
			sourceTree = "<group>";
		};
		ABB023FB170791D300537A92 /* Supporting Files */ = {
			isa = PBXGroup;
			children = (
				7BD7E86A19AE660C0092F834 /* LICENSE.md */,
				7BD7E86B19AE660C0092F834 /* README.md */,
				ABB02410170791D300537A92 /* JNWCollectionViewTests */,
				ABB023F2170791D300537A92 /* Products */,
				AB3C7205170CA8EF004A91DB /* JNWCollectionView-Info.plist */,
				AB3C7206170CA8EF004A91DB /* JNWCollectionView-Prefix.pch */,
			);
			name = "Supporting Files";
			path = JNWTableView;
			sourceTree = "<group>";
		};
		ABB02410170791D300537A92 /* JNWCollectionViewTests */ = {
			isa = PBXGroup;
			children = (
				8467C6D6171E587F00A1F343 /* JNWCollectionViewReusableViewSpec.m */,
				ABBEA58A171E7D7A00A6F03D /* JNWCollectionViewSpec.m */,
				8467C6D3171E581300A1F343 /* Supporting Files */,
			);
			name = JNWCollectionViewTests;
			path = JNWTableViewTests;
			sourceTree = SOURCE_ROOT;
		};
		ABE0A77817C7E22F005F35A8 /* External */ = {
			isa = PBXGroup;
			children = (
				AB38E38A17DF099A00D50B3C /* JNWClipView.h */,
				AB38E38B17DF099A00D50B3C /* JNWClipView.m */,
				AB38E38C17DF099A00D50B3C /* JNWScrollView.h */,
				AB38E38D17DF099A00D50B3C /* JNWScrollView.m */,
			);
			name = External;
			path = JNWTableView;
			sourceTree = "<group>";
		};
/* End PBXGroup section */

/* Begin PBXHeadersBuildPhase section */
		ABB023EE170791D300537A92 /* Headers */ = {
			isa = PBXHeadersBuildPhase;
			buildActionMask = 2147483647;
			files = (
				AB3C71F4170CA8D3004A91DB /* JNWCollectionViewFramework.h in Headers */,
				AB3C71F8170CA8D3004A91DB /* JNWCollectionViewCell.h in Headers */,
				AB15146F1714C90800871248 /* JNWCollectionViewLayout.h in Headers */,
				AB3C71FC170CA8D3004A91DB /* JNWCollectionViewReusableView.h in Headers */,
				AB1514821715361E00871248 /* JNWCollectionViewGridLayout.h in Headers */,
				AB1514741714D39600871248 /* JNWCollectionViewListLayout.h in Headers */,
				AB3C7202170CA8D3004A91DB /* NSIndexPath+JNWAdditions.h in Headers */,
				AB38E38E17DF099A00D50B3C /* JNWClipView.h in Headers */,
				AB38E39017DF099A00D50B3C /* JNWScrollView.h in Headers */,
				AB0EA369189472A400E28525 /* JNWCollectionViewLayout+Private.h in Headers */,
				ABC05C691807808E00CAED48 /* JNWCollectionView.h in Headers */,
				AB3C71F7170CA8D3004A91DB /* JNWCollectionView+Private.h in Headers */,
				AB3C71FB170CA8D3004A91DB /* JNWCollectionViewCell+Private.h in Headers */,
				AB39819D1731A1B50062B2E0 /* JNWCollectionViewReusableView+Private.h in Headers */,
				AB3C7209170CA8EF004A91DB /* JNWCollectionView-Prefix.pch in Headers */,
				ABA276B2171D1C4B005C8E56 /* JNWCollectionViewDocumentView.h in Headers */,
				ABE145351747519700DD3FCA /* JNWCollectionViewData.h in Headers */,
			);
			runOnlyForDeploymentPostprocessing = 0;
		};
/* End PBXHeadersBuildPhase section */

/* Begin PBXNativeTarget section */
		7BB0927B19AE736300E22ABC /* JNWCollectionViewTests */ = {
			isa = PBXNativeTarget;
			buildConfigurationList = 7BB0928B19AE736300E22ABC /* Build configuration list for PBXNativeTarget "JNWCollectionViewTests" */;
			buildPhases = (
				7BB0927819AE736300E22ABC /* Sources */,
				7BB0927919AE736300E22ABC /* Frameworks */,
			);
			buildRules = (
			);
			dependencies = (
				7BB0928F19AE737100E22ABC /* PBXTargetDependency */,
				7BB0929119AE737100E22ABC /* PBXTargetDependency */,
				7BB0928A19AE736300E22ABC /* PBXTargetDependency */,
			);
			name = JNWCollectionViewTests;
			productName = JNWCollectionViewTests;
			productReference = 7BB0927C19AE736300E22ABC /* JNWCollectionViewTests.xctest */;
			productType = "com.apple.product-type.bundle.unit-test";
		};
		ABB023F0170791D300537A92 /* JNWCollectionView */ = {
			isa = PBXNativeTarget;
			buildConfigurationList = ABB0241B170791D300537A92 /* Build configuration list for PBXNativeTarget "JNWCollectionView" */;
			buildPhases = (
				ABB023EC170791D300537A92 /* Sources */,
				ABB023ED170791D300537A92 /* Frameworks */,
				ABB023EE170791D300537A92 /* Headers */,
				ABB023EF170791D300537A92 /* Resources */,
			);
			buildRules = (
			);
			dependencies = (
			);
			name = JNWCollectionView;
			productName = JNWTableView;
			productReference = ABB023F1170791D300537A92 /* JNWCollectionView.framework */;
			productType = "com.apple.product-type.framework";
		};
/* End PBXNativeTarget section */

/* Begin PBXProject section */
		ABB023E8170791D300537A92 /* Project object */ = {
			isa = PBXProject;
			attributes = {
				LastTestingUpgradeCheck = 0510;
				LastUpgradeCheck = 0500;
				ORGANIZATIONNAME = AppJon;
				TargetAttributes = {
					7BB0927B19AE736300E22ABC = {
						TestTargetID = ABB023F0170791D300537A92;
					};
				};
			};
			buildConfigurationList = ABB023EB170791D300537A92 /* Build configuration list for PBXProject "JNWCollectionView" */;
			compatibilityVersion = "Xcode 3.2";
			developmentRegion = English;
			hasScannedForEncodings = 0;
			knownRegions = (
				en,
			);
			mainGroup = ABB023E7170791D300537A92;
			productRefGroup = ABB023F2170791D300537A92 /* Products */;
			projectDirPath = "";
			projectReferences = (
				{
					ProductGroup = 8467C6D9171E589200A1F343 /* Products */;
					ProjectRef = 8467C6D8171E589200A1F343 /* Expecta.xcodeproj */;
				},
				{
					ProductGroup = 8467C6E8171E589500A1F343 /* Products */;
					ProjectRef = 8467C6E7171E589500A1F343 /* Specta.xcodeproj */;
				},
			);
			projectRoot = "";
			targets = (
				ABB023F0170791D300537A92 /* JNWCollectionView */,
				7BB0927B19AE736300E22ABC /* JNWCollectionViewTests */,
			);
		};
/* End PBXProject section */

/* Begin PBXReferenceProxy section */
		7BB0926B19AE718700E22ABC /* ExpectaTests-XCTest.xctest */ = {
			isa = PBXReferenceProxy;
			fileType = wrapper.cfbundle;
			path = "ExpectaTests-XCTest.xctest";
			remoteRef = 7BB0926A19AE718700E22ABC /* PBXContainerItemProxy */;
			sourceTree = BUILT_PRODUCTS_DIR;
		};
		7BB0927019AE718700E22ABC /* libSpecta-OSX.a */ = {
			isa = PBXReferenceProxy;
			fileType = archive.ar;
			path = "libSpecta-OSX.a";
			remoteRef = 7BB0926F19AE718700E22ABC /* PBXContainerItemProxy */;
			sourceTree = BUILT_PRODUCTS_DIR;
		};
		7BB0927219AE718700E22ABC /* SpectaTests-iOS.xctest */ = {
			isa = PBXReferenceProxy;
			fileType = wrapper.cfbundle;
			path = "SpectaTests-iOS.xctest";
			remoteRef = 7BB0927119AE718700E22ABC /* PBXContainerItemProxy */;
			sourceTree = BUILT_PRODUCTS_DIR;
		};
		7BB0927419AE718700E22ABC /* Specta-OSXTests.xctest */ = {
			isa = PBXReferenceProxy;
			fileType = wrapper.cfbundle;
			path = "Specta-OSXTests.xctest";
			remoteRef = 7BB0927319AE718700E22ABC /* PBXContainerItemProxy */;
			sourceTree = BUILT_PRODUCTS_DIR;
		};
		8467C6E0171E589200A1F343 /* libExpecta.a */ = {
			isa = PBXReferenceProxy;
			fileType = archive.ar;
			path = libExpecta.a;
			remoteRef = 8467C6DF171E589200A1F343 /* PBXContainerItemProxy */;
			sourceTree = BUILT_PRODUCTS_DIR;
		};
		8467C6E2171E589200A1F343 /* libExpecta-iOS.a */ = {
			isa = PBXReferenceProxy;
			fileType = archive.ar;
			path = "libExpecta-iOS.a";
			remoteRef = 8467C6E1171E589200A1F343 /* PBXContainerItemProxy */;
			sourceTree = BUILT_PRODUCTS_DIR;
		};
		8467C6E4171E589200A1F343 /* ExpectaTests.octest */ = {
			isa = PBXReferenceProxy;
			fileType = wrapper.cfbundle;
			path = ExpectaTests.octest;
			remoteRef = 8467C6E3171E589200A1F343 /* PBXContainerItemProxy */;
			sourceTree = BUILT_PRODUCTS_DIR;
		};
		8467C6E6171E589200A1F343 /* Expecta-iOSTests.octest */ = {
			isa = PBXReferenceProxy;
			fileType = wrapper.cfbundle;
			path = "Expecta-iOSTests.octest";
			remoteRef = 8467C6E5171E589200A1F343 /* PBXContainerItemProxy */;
			sourceTree = BUILT_PRODUCTS_DIR;
		};
		8467C6F1171E589500A1F343 /* libSpecta-iOS.a */ = {
			isa = PBXReferenceProxy;
			fileType = archive.ar;
			path = "libSpecta-iOS.a";
			remoteRef = 8467C6F0171E589500A1F343 /* PBXContainerItemProxy */;
			sourceTree = BUILT_PRODUCTS_DIR;
		};
/* End PBXReferenceProxy section */

/* Begin PBXResourcesBuildPhase section */
		ABB023EF170791D300537A92 /* Resources */ = {
			isa = PBXResourcesBuildPhase;
			buildActionMask = 2147483647;
			files = (
			);
			runOnlyForDeploymentPostprocessing = 0;
		};
/* End PBXResourcesBuildPhase section */

/* Begin PBXSourcesBuildPhase section */
		7BB0927819AE736300E22ABC /* Sources */ = {
			isa = PBXSourcesBuildPhase;
			buildActionMask = 2147483647;
			files = (
				7BB0929419AE73AE00E22ABC /* JNWCollectionViewReusableViewSpec.m in Sources */,
				7BB0929519AE73AE00E22ABC /* JNWCollectionViewSpec.m in Sources */,
				7BB0929619AE73AE00E22ABC /* JNWTestImplementation.m in Sources */,
			);
			runOnlyForDeploymentPostprocessing = 0;
		};
		ABB023EC170791D300537A92 /* Sources */ = {
			isa = PBXSourcesBuildPhase;
			buildActionMask = 2147483647;
			files = (
				AB3C71F5170CA8D3004A91DB /* JNWCollectionViewFramework.m in Sources */,
				AB3C71F9170CA8D3004A91DB /* JNWCollectionViewCell.m in Sources */,
				AB3C71FD170CA8D3004A91DB /* JNWCollectionViewReusableView.m in Sources */,
				AB3C7203170CA8D3004A91DB /* NSIndexPath+JNWAdditions.m in Sources */,
				AB38E39117DF099A00D50B3C /* JNWScrollView.m in Sources */,
				AB1514701714C90800871248 /* JNWCollectionViewLayout.m in Sources */,
				AB1514751714D39600871248 /* JNWCollectionViewListLayout.m in Sources */,
				AB1514831715361E00871248 /* JNWCollectionViewGridLayout.m in Sources */,
				ABA276B3171D1C4B005C8E56 /* JNWCollectionViewDocumentView.m in Sources */,
				AB38E38F17DF099A00D50B3C /* JNWClipView.m in Sources */,
				ABE145361747519700DD3FCA /* JNWCollectionViewData.m in Sources */,
			);
			runOnlyForDeploymentPostprocessing = 0;
		};
/* End PBXSourcesBuildPhase section */

/* Begin PBXTargetDependency section */
		7BB0928A19AE736300E22ABC /* PBXTargetDependency */ = {
			isa = PBXTargetDependency;
			target = ABB023F0170791D300537A92 /* JNWCollectionView */;
			targetProxy = 7BB0928919AE736300E22ABC /* PBXContainerItemProxy */;
		};
		7BB0928F19AE737100E22ABC /* PBXTargetDependency */ = {
			isa = PBXTargetDependency;
			name = "Specta-OSX";
			targetProxy = 7BB0928E19AE737100E22ABC /* PBXContainerItemProxy */;
		};
		7BB0929119AE737100E22ABC /* PBXTargetDependency */ = {
			isa = PBXTargetDependency;
			name = Expecta;
			targetProxy = 7BB0929019AE737100E22ABC /* PBXContainerItemProxy */;
		};
/* End PBXTargetDependency section */

/* Begin PBXVariantGroup section */
		7BB0928319AE736300E22ABC /* InfoPlist.strings */ = {
			isa = PBXVariantGroup;
			children = (
				7BB0928419AE736300E22ABC /* en */,
			);
			name = InfoPlist.strings;
			sourceTree = "<group>";
		};
/* End PBXVariantGroup section */

/* Begin XCBuildConfiguration section */
		7BB0928C19AE736300E22ABC /* Debug */ = {
			isa = XCBuildConfiguration;
			buildSettings = {
				CLANG_WARN_BOOL_CONVERSION = YES;
				CLANG_WARN_DIRECT_OBJC_ISA_USAGE = YES_ERROR;
				CLANG_WARN_OBJC_ROOT_CLASS = YES_ERROR;
				FRAMEWORK_SEARCH_PATHS = (
					"$(DEVELOPER_FRAMEWORKS_DIR)",
					"$(inherited)",
				);
				GCC_PRECOMPILE_PREFIX_HEADER = YES;
				GCC_PREFIX_HEADER = "JNWCollectionViewTests/JNWCollectionViewTests-Prefix.pch";
				GCC_PREPROCESSOR_DEFINITIONS = (
					"DEBUG=1",
					"$(inherited)",
				);
				GCC_WARN_ABOUT_RETURN_TYPE = YES_ERROR;
				GCC_WARN_UNDECLARED_SELECTOR = YES;
				GCC_WARN_UNINITIALIZED_AUTOS = YES_AGGRESSIVE;
				GCC_WARN_UNUSED_FUNCTION = YES;
				HEADER_SEARCH_PATHS = (
					"$(inherited)",
					/Applications/Xcode.app/Contents/Developer/Toolchains/XcodeDefault.xctoolchain/usr/include,
					"external/**",
				);
				INFOPLIST_FILE = "JNWCollectionViewTests/JNWCollectionViewTests-Info.plist";
				OTHER_LDFLAGS = (
					"-ObjC",
					"$(inherited)",
					"-framework",
					XCTest,
				);
				PRODUCT_NAME = "$(TARGET_NAME)";
				WRAPPER_EXTENSION = xctest;
			};
			name = Debug;
		};
		7BB0928D19AE736300E22ABC /* Release */ = {
			isa = XCBuildConfiguration;
			buildSettings = {
				CLANG_WARN_BOOL_CONVERSION = YES;
				CLANG_WARN_DIRECT_OBJC_ISA_USAGE = YES_ERROR;
				CLANG_WARN_OBJC_ROOT_CLASS = YES_ERROR;
				ENABLE_NS_ASSERTIONS = NO;
				FRAMEWORK_SEARCH_PATHS = (
					"$(DEVELOPER_FRAMEWORKS_DIR)",
					"$(inherited)",
				);
				GCC_PRECOMPILE_PREFIX_HEADER = YES;
				GCC_PREFIX_HEADER = "JNWCollectionViewTests/JNWCollectionViewTests-Prefix.pch";
				GCC_WARN_ABOUT_RETURN_TYPE = YES_ERROR;
				GCC_WARN_UNDECLARED_SELECTOR = YES;
				GCC_WARN_UNINITIALIZED_AUTOS = YES_AGGRESSIVE;
				GCC_WARN_UNUSED_FUNCTION = YES;
				HEADER_SEARCH_PATHS = (
					"$(inherited)",
					/Applications/Xcode.app/Contents/Developer/Toolchains/XcodeDefault.xctoolchain/usr/include,
					"external/**",
				);
				INFOPLIST_FILE = "JNWCollectionViewTests/JNWCollectionViewTests-Info.plist";
				OTHER_LDFLAGS = (
					"-ObjC",
					"$(inherited)",
					"-framework",
					XCTest,
				);
				PRODUCT_NAME = "$(TARGET_NAME)";
				WRAPPER_EXTENSION = xctest;
			};
			name = Release;
		};
		ABB02419170791D300537A92 /* Debug */ = {
			isa = XCBuildConfiguration;
			buildSettings = {
				ALWAYS_SEARCH_USER_PATHS = NO;
				CLANG_CXX_LANGUAGE_STANDARD = "gnu++0x";
				CLANG_CXX_LIBRARY = "libc++";
				CLANG_ENABLE_MODULES = YES;
				CLANG_ENABLE_OBJC_ARC = YES;
				CLANG_WARN_CONSTANT_CONVERSION = YES;
				CLANG_WARN_EMPTY_BODY = YES;
				CLANG_WARN_ENUM_CONVERSION = YES;
				CLANG_WARN_INT_CONVERSION = YES;
				CLANG_WARN__DUPLICATE_METHOD_MATCH = YES;
				COPY_PHASE_STRIP = NO;
				GCC_C_LANGUAGE_STANDARD = gnu99;
				GCC_DYNAMIC_NO_PIC = NO;
				GCC_ENABLE_OBJC_EXCEPTIONS = YES;
				GCC_OPTIMIZATION_LEVEL = 0;
				GCC_PREPROCESSOR_DEFINITIONS = (
					"DEBUG=1",
					"$(inherited)",
				);
				GCC_SYMBOLS_PRIVATE_EXTERN = NO;
				GCC_WARN_64_TO_32_BIT_CONVERSION = YES;
				GCC_WARN_ABOUT_RETURN_TYPE = YES;
				GCC_WARN_UNINITIALIZED_AUTOS = YES;
				GCC_WARN_UNUSED_VARIABLE = YES;
				MACOSX_DEPLOYMENT_TARGET = 10.8;
				ONLY_ACTIVE_ARCH = YES;
				SDKROOT = macosx;
			};
			name = Debug;
		};
		ABB0241A170791D300537A92 /* Release */ = {
			isa = XCBuildConfiguration;
			buildSettings = {
				ALWAYS_SEARCH_USER_PATHS = NO;
				CLANG_CXX_LANGUAGE_STANDARD = "gnu++0x";
				CLANG_CXX_LIBRARY = "libc++";
				CLANG_ENABLE_MODULES = YES;
				CLANG_ENABLE_OBJC_ARC = YES;
				CLANG_WARN_CONSTANT_CONVERSION = YES;
				CLANG_WARN_EMPTY_BODY = YES;
				CLANG_WARN_ENUM_CONVERSION = YES;
				CLANG_WARN_INT_CONVERSION = YES;
				CLANG_WARN__DUPLICATE_METHOD_MATCH = YES;
				COPY_PHASE_STRIP = YES;
				DEBUG_INFORMATION_FORMAT = "dwarf-with-dsym";
				GCC_C_LANGUAGE_STANDARD = gnu99;
				GCC_ENABLE_OBJC_EXCEPTIONS = YES;
				GCC_WARN_64_TO_32_BIT_CONVERSION = YES;
				GCC_WARN_ABOUT_RETURN_TYPE = YES;
				GCC_WARN_UNINITIALIZED_AUTOS = YES;
				GCC_WARN_UNUSED_VARIABLE = YES;
				MACOSX_DEPLOYMENT_TARGET = 10.8;
				SDKROOT = macosx;
			};
			name = Release;
		};
		ABB0241C170791D300537A92 /* Debug */ = {
			isa = XCBuildConfiguration;
			buildSettings = {
				CLANG_ENABLE_OBJC_ARC = YES;
				COMBINE_HIDPI_IMAGES = YES;
				DYLIB_COMPATIBILITY_VERSION = 1;
				DYLIB_CURRENT_VERSION = 1;
				FRAMEWORK_VERSION = A;
				GCC_PRECOMPILE_PREFIX_HEADER = YES;
				GCC_PREFIX_HEADER = "JNWCollectionView/JNWCollectionView-Prefix.pch";
				INFOPLIST_FILE = "JNWCollectionView/JNWCollectionView-Info.plist";
				INSTALL_PATH = "@rpath";
				LD_DYLIB_INSTALL_NAME = "@rpath/$(PRODUCT_NAME).$(WRAPPER_EXTENSION)/$(PRODUCT_NAME)";
				LD_RUNPATH_SEARCH_PATHS = "@loader_path/../Frameworks";
				PRODUCT_NAME = JNWCollectionView;
				WRAPPER_EXTENSION = framework;
			};
			name = Debug;
		};
		ABB0241D170791D300537A92 /* Release */ = {
			isa = XCBuildConfiguration;
			buildSettings = {
				CLANG_ENABLE_OBJC_ARC = YES;
				COMBINE_HIDPI_IMAGES = YES;
				DYLIB_COMPATIBILITY_VERSION = 1;
				DYLIB_CURRENT_VERSION = 1;
				FRAMEWORK_VERSION = A;
				GCC_PRECOMPILE_PREFIX_HEADER = YES;
				GCC_PREFIX_HEADER = "JNWCollectionView/JNWCollectionView-Prefix.pch";
				INFOPLIST_FILE = "JNWCollectionView/JNWCollectionView-Info.plist";
				INSTALL_PATH = "@rpath";
				LD_DYLIB_INSTALL_NAME = "@rpath/$(PRODUCT_NAME).$(WRAPPER_EXTENSION)/$(PRODUCT_NAME)";
				LD_RUNPATH_SEARCH_PATHS = "@loader_path/../Frameworks";
				PRODUCT_NAME = JNWCollectionView;
				WRAPPER_EXTENSION = framework;
			};
			name = Release;
		};
/* End XCBuildConfiguration section */

/* Begin XCConfigurationList section */
		7BB0928B19AE736300E22ABC /* Build configuration list for PBXNativeTarget "JNWCollectionViewTests" */ = {
			isa = XCConfigurationList;
			buildConfigurations = (
				7BB0928C19AE736300E22ABC /* Debug */,
				7BB0928D19AE736300E22ABC /* Release */,
			);
			defaultConfigurationIsVisible = 0;
		};
		ABB023EB170791D300537A92 /* Build configuration list for PBXProject "JNWCollectionView" */ = {
			isa = XCConfigurationList;
			buildConfigurations = (
				ABB02419170791D300537A92 /* Debug */,
				ABB0241A170791D300537A92 /* Release */,
			);
			defaultConfigurationIsVisible = 0;
			defaultConfigurationName = Release;
		};
		ABB0241B170791D300537A92 /* Build configuration list for PBXNativeTarget "JNWCollectionView" */ = {
			isa = XCConfigurationList;
			buildConfigurations = (
				ABB0241C170791D300537A92 /* Debug */,
				ABB0241D170791D300537A92 /* Release */,
			);
			defaultConfigurationIsVisible = 0;
			defaultConfigurationName = Release;
		};
/* End XCConfigurationList section */
	};
	rootObject = ABB023E8170791D300537A92 /* Project object */;
}
